<?xml version="1.0" encoding="utf-8"?>
<Project ToolsVersion="4.0" xmlns="http://schemas.microsoft.com/developer/msbuild/2003">
  <ItemGroup>
    <Filter Include="Inc">
      <UniqueIdentifier>{44d36694-63c4-43b8-bc6b-eb9d93e1873b}</UniqueIdentifier>
    </Filter>
    <Filter Include="Src">
      <UniqueIdentifier>{914efecc-968a-4fcb-b2fc-1ce5bf5734f5}</UniqueIdentifier>
    </Filter>
  </ItemGroup>
  <ItemGroup>
    <ClInclude Include="..\..\Framework\Core\Inc\Core.h">
      <Filter>Inc</Filter>
    </ClInclude>
    <ClInclude Include="..\..\Framework\Core\Inc\Common.h">
      <Filter>Inc</Filter>
    </ClInclude>
    <ClInclude Include="..\..\Framework\Core\Src\Precompiled.h">
      <Filter>Src</Filter>
    </ClInclude>
  </ItemGroup>
  <ItemGroup>
    <ClCompile Include="..\..\Framework\Core\Src\Precompiled.cpp">
      <Filter>Src</Filter>
    </ClCompile>
  </ItemGroup>
  <ItemGroup>
    <None Include="..\..\Framework\Core\Src\PropertySheet.props" />
  </ItemGroup>
</Project>