
Microsoft Visual Studio Solution File, Format Version 12.00
# Visual Studio Version 17
VisualStudioVersion = 17.4.33213.308
MinimumVisualStudioVersion = 10.0.40219.1
Project("{2150E333-8FDC-42A3-9474-1A3956D46DE8}") = "Engine", "Engine", "{03012F0A-1587-4332-B676-7561ADA4DA1E}"
EndProject
Project("{2150E333-8FDC-42A3-9474-1A3956D46DE8}") = "Framework", "Framework", "{A1D03AEE-4E9D-45EC-9075-230DD6774190}"
EndProject
Project("{8BC9CEB8-8B4A-11D0-8D11-00A0C91BC942}") = "MEngine", "Engine\MEngine\MEngine.vcxproj", "{F6CFC329-07AA-4342-900F-9DD2E92555AD}"
EndProject
Project("{2150E333-8FDC-42A3-9474-1A3956D46DE8}") = "VSProps", "VSProps", "{2351B481-1DF6-41A0-AD7D-762AE4FA4C15}"
	ProjectSection(SolutionItems) = preProject
		VSProps\EngineLib.props = VSProps\EngineLib.props
		VSProps\FrameworkLib.props = VSProps\FrameworkLib.props
		VSProps\MEngine.props = VSProps\MEngine.props
	EndProjectSection
EndProject
Project("{2150E333-8FDC-42A3-9474-1A3956D46DE8}") = "Common", "Common", "{BE961A85-D31C-4938-ACF2-28CE98CB01FF}"
	ProjectSection(SolutionItems) = preProject
		VSProps\Common\Common.props = VSProps\Common\Common.props
		VSProps\Common\Library.props = VSProps\Common\Library.props
	EndProjectSection
EndProject
Project("{8BC9CEB8-8B4A-11D0-8D11-00A0C91BC942}") = "Core", "Framework\Core\Core.vcxproj", "{F69B45A3-46BE-42C0-AA51-1A0A9BA2943C}"
EndProject
Project("{2150E333-8FDC-42A3-9474-1A3956D46DE8}") = "VGP242", "VGP242", "{91F79CDD-DB8C-4A62-AD8B-392FA4080523}"
EndProject
Project("{8BC9CEB8-8B4A-11D0-8D11-00A0C91BC942}") = "01_HelloWindow", "VGP242\01_HelloWindow\01_HelloWindow.vcxproj", "{C445718E-9D81-438C-A3ED-E6E3A294B4FB}"
EndProject
Project("{8BC9CEB8-8B4A-11D0-8D11-00A0C91BC942}") = "Math", "Framework\Math\Math.vcxproj", "{F314EFB4-3145-475C-927A-E3E77EE1E2C0}"
EndProject
Project("{8BC9CEB8-8B4A-11D0-8D11-00A0C91BC942}") = "HelloShape", "VGP242\HelloShape\HelloShape.vcxproj", "{92B5B0B5-DBFB-409C-8B99-978B64FA178C}"
EndProject
Project("{8BC9CEB8-8B4A-11D0-8D11-00A0C91BC942}") = "Input", "Framework\Input\Input.vcxproj", "{3629F01A-6FED-42EB-B308-E9F7F1346EAF}"
EndProject
Project("{2150E333-8FDC-42A3-9474-1A3956D46DE8}") = "Assets", "Assets", "{67674674-36F0-43C6-832C-22E0CBA7AA75}"
EndProject
Project("{2150E333-8FDC-42A3-9474-1A3956D46DE8}") = "Shaders", "Shaders", "{BF570514-119D-4EEA-A959-CDB7F8798872}"
	ProjectSection(SolutionItems) = preProject
		Assets\Shaders\CellShading.fx = Assets\Shaders\CellShading.fx
		Assets\Shaders\DoSomething.fx = Assets\Shaders\DoSomething.fx
		Assets\Shaders\DoTexturing.fx = Assets\Shaders\DoTexturing.fx
		Assets\Shaders\DoTransform.fx = Assets\Shaders\DoTransform.fx
		Assets\Shaders\GaussianBlur.fx = Assets\Shaders\GaussianBlur.fx
		Assets\Shaders\Particle.fx = Assets\Shaders\Particle.fx
		Assets\Shaders\PostProcessing.fx = Assets\Shaders\PostProcessing.fx
		Assets\Shaders\Shadow.fx = Assets\Shaders\Shadow.fx
		Assets\Shaders\Standard.fx = Assets\Shaders\Standard.fx
		Assets\Shaders\Terrain.fx = Assets\Shaders\Terrain.fx
	EndProjectSection
EndProject
Project("{8BC9CEB8-8B4A-11D0-8D11-00A0C91BC942}") = "HelloImGui", "Project1\Project1.vcxproj", "{65913C08-5898-4085-A72D-CCAF301E6E68}"
EndProject
Project("{8BC9CEB8-8B4A-11D0-8D11-00A0C91BC942}") = "HelloMeshBuilder", "VGP242\HelloMeshBuilder\HelloMeshBuilder.vcxproj", "{613825EA-9B6E-442F-8EAA-183B29892EA4}"
EndProject
Project("{8BC9CEB8-8B4A-11D0-8D11-00A0C91BC942}") = "DirectXTK_Desktop_2019", "External\DirectXTK\DirectXTK_Desktop_2019.vcxproj", "{E0B52AE7-E160-4D32-BF3F-910B785E5A8E}"
EndProject
Project("{8BC9CEB8-8B4A-11D0-8D11-00A0C91BC942}") = "HelloSimpleDraw", "VGP242\HelloSimpleDraw\HelloSimpleDraw.vcxproj", "{908DD2F6-9D93-4BA8-93C7-0384A3224667}"
EndProject
Project("{8BC9CEB8-8B4A-11D0-8D11-00A0C91BC942}") = "Graphics", "Framework\Graphics\Graphics.vcxproj", "{328BC1E5-2948-4AE9-AE3A-53E08A9D01DF}"
EndProject
Project("{2150E333-8FDC-42A3-9474-1A3956D46DE8}") = "External", "External", "{5DAEBFD0-8400-4A5E-B30E-B2962827EF7B}"
EndProject
Project("{8BC9CEB8-8B4A-11D0-8D11-00A0C91BC942}") = "ImGui", "External\ImGui\ImGui.vcxproj", "{52D656A2-A2F4-4C54-A3C7-653427BED1E8}"
EndProject
Project("{8BC9CEB8-8B4A-11D0-8D11-00A0C91BC942}") = "HelloSolarSystem", "VGP242\HelloSolarSystem\HelloSolarSystem.vcxproj", "{E639748C-9DF4-4F26-9595-DEA49F7F4F6E}"
EndProject
Project("{8BC9CEB8-8B4A-11D0-8D11-00A0C91BC942}") = "RenderTargets", "VGP242\RenderTargets\RenderTargets.vcxproj", "{57ECBD14-8A2C-4157-BB36-0E84B83353FF}"
EndProject
Project("{2150E333-8FDC-42A3-9474-1A3956D46DE8}") = "VGP330", "VGP330", "{006F41F3-01E1-45EF-B7E4-432E17DE2D11}"
EndProject
Project("{8BC9CEB8-8B4A-11D0-8D11-00A0C91BC942}") = "Hello_Lighting", "VGP330\Hello_Lighting\Hello_Lighting.vcxproj", "{EB7B49CF-7FC5-4AF0-80F0-B98BCA9BEEAA}"
EndProject
Project("{8BC9CEB8-8B4A-11D0-8D11-00A0C91BC942}") = "Hello_Cell", "VGP330\Hello_Cell\Hello_Cell.vcxproj", "{AB8596AF-991C-4B7C-BAD0-8B6457239732}"
EndProject
Project("{2150E333-8FDC-42A3-9474-1A3956D46DE8}") = "Tools", "Tools", "{921BF273-85CC-429F-A8F4-35C42EDFC019}"
EndProject
Project("{8BC9CEB8-8B4A-11D0-8D11-00A0C91BC942}") = "ModelImporter", "Tools\ModelImporter\ModelImporter.vcxproj", "{86350F54-05DE-4946-A22D-52F634D0452D}"
EndProject
Project("{8BC9CEB8-8B4A-11D0-8D11-00A0C91BC942}") = "Hello_Model", "VGP330\Hello_Model\Hello_Model.vcxproj", "{05AFC6EE-30D4-4257-985F-88C65FF56322}"
EndProject
Project("{8BC9CEB8-8B4A-11D0-8D11-00A0C91BC942}") = "Hello_PostProcessing", "VGP330\Hello_PostProcessing\Hello_PostProcessing.vcxproj", "{B960608B-2A39-4735-BAF1-3F1C0A692C6B}"
EndProject
Project("{8BC9CEB8-8B4A-11D0-8D11-00A0C91BC942}") = "Hello_GaussianBlur", "VGP330\Hello_GaussianBlur\Hello_GaussianBlur.vcxproj", "{1B1A8FE1-A3D4-4BA0-A054-D0DE153AF74C}"
EndProject
Project("{8BC9CEB8-8B4A-11D0-8D11-00A0C91BC942}") = "Hello_Shadow", "VGP330\Hello_Shadow\Hello_Shadow.vcxproj", "{3EA44E50-90AE-40B6-8C79-58DA22ECA4FB}"
EndProject
Project("{8BC9CEB8-8B4A-11D0-8D11-00A0C91BC942}") = "Hello_Terrain", "VGP330\Hello_Terrain\Hello_Terrain.vcxproj", "{315F2A8F-7D5A-425D-8B52-E6181E930436}"
EndProject
Project("{2150E333-8FDC-42A3-9474-1A3956D46DE8}") = "VGP334", "VGP334", "{07483D49-10E3-43B6-8A19-151FE387E9EB}"
EndProject
Project("{8BC9CEB8-8B4A-11D0-8D11-00A0C91BC942}") = "Hello_Quaternion", "VGP334\Hello_Quaternion\Hello_Quaternion.vcxproj", "{1F0FC577-87DB-4C69-86C9-EB02B8717262}"
EndProject
Project("{8BC9CEB8-8B4A-11D0-8D11-00A0C91BC942}") = "Hello_Animation", "VGP334\Hello_Animation\Hello_Animation.vcxproj", "{5FEF053C-E5FB-4597-8310-B9DDE301AA2B}"
EndProject
Project("{8BC9CEB8-8B4A-11D0-8D11-00A0C91BC942}") = "Hello_SkeletalAnimation", "VGP334\Hello_SkeletalAnimation\Hello_SkeletalAnimation.vcxproj", "{28311213-1047-4A7A-8DC5-D15C9DED7783}"
EndProject
Project("{8BC9CEB8-8B4A-11D0-8D11-00A0C91BC942}") = "Hello_Skeleton", "VGP334\Hello_Skeleton\Hello_Skeleton.vcxproj", "{8230DE63-18C1-42D7-93EE-85E389F93B83}"
EndProject
Project("{8BC9CEB8-8B4A-11D0-8D11-00A0C91BC942}") = "Hello_Animator", "VGP334\Hello_Animator\Hello_Animator.vcxproj", "{DC531A04-2556-473F-BBD7-B1C3DC35D02A}"
EndProject
Project("{8BC9CEB8-8B4A-11D0-8D11-00A0C91BC942}") = "Bullet", "External\Bullet\Bullet.vcxproj", "{516192EB-788A-4FE7-B2B7-2EF9AC036B12}"
EndProject
Project("{8BC9CEB8-8B4A-11D0-8D11-00A0C91BC942}") = "Physics", "Framework\Physics\Physics.vcxproj", "{AE5CFC76-BCD4-4EA6-B0F7-0B08831FA906}"
EndProject
Project("{8BC9CEB8-8B4A-11D0-8D11-00A0C91BC942}") = "Hello_Physics", "VGP334\Hello_Physics\Hello_Physics.vcxproj", "{A6C29250-BDDE-4E0F-A700-6E41C9EF8A14}"
EndProject
Project("{8BC9CEB8-8B4A-11D0-8D11-00A0C91BC942}") = "Hello_Particles", "VGP334\Hello_Particles\Hello_Particles.vcxproj", "{8E1ADC36-43D9-42CA-96FB-8EDADA541E05}"
EndProject
Project("{8BC9CEB8-8B4A-11D0-8D11-00A0C91BC942}") = "Hello_SoftBody", "VGP334\Hello_SoftBody\Hello_SoftBody.vcxproj", "{69B5EC26-6130-48F7-ADB8-436FD347D754}"
EndProject
Project("{8BC9CEB8-8B4A-11D0-8D11-00A0C91BC942}") = "DirectXTKAudio_Desktop_2022_Win8", "External\DirectXTK\Audio\DirectXTKAudio_Desktop_2022_Win8.vcxproj", "{4F150A30-CECB-49D1-8283-6A3F57438CF5}"
EndProject
Project("{8BC9CEB8-8B4A-11D0-8D11-00A0C91BC942}") = "Audio", "Framework\Audio\Audio.vcxproj", "{39016B4C-FCF4-4418-BA7D-0762849D8D38}"
EndProject
Project("{8BC9CEB8-8B4A-11D0-8D11-00A0C91BC942}") = "Hello_SoundEvents", "VGP334\Hello_SoundEvents\Hello_SoundEvents.vcxproj", "{22193B05-40F2-4E4C-95A7-1BD759119232}"
EndProject
Project("{8BC9CEB8-8B4A-11D0-8D11-00A0C91BC942}") = "Hello_Final", "VGP334\Hello_Final\Hello_Final.vcxproj", "{E61D8B0A-553D-47FC-A05E-23C9DA668F0C}"
EndProject
Project("{2150E333-8FDC-42A3-9474-1A3956D46DE8}") = "VGP336", "VGP336", "{3DC4A2CA-2AF3-4AC3-9F65-7DF4CF1CDEA8}"
EndProject
Project("{8BC9CEB8-8B4A-11D0-8D11-00A0C91BC942}") = "Hello_Memory", "VGP336\23_HelloMemory\23_HelloMemory.vcxproj", "{98A89EE4-28EF-4E6C-BD2E-9B2D0EFC8CC8}"
EndProject
Project("{8BC9CEB8-8B4A-11D0-8D11-00A0C91BC942}") = "Hello_GameObject", "VGP336\Hello_GameObject\Hello_GameObject.vcxproj", "{CDD6C181-06EF-4404-82EF-96B92C86CECC}"
EndProject
Project("{2150E333-8FDC-42A3-9474-1A3956D46DE8}") = "Templates", "Templates", "{231A3337-16AC-4B17-8907-CEFBE3AA9ADB}"
	ProjectSection(SolutionItems) = preProject
		Assets\Templates\fps_camera.json = Assets\Templates\fps_camera.json
		Assets\Templates\test_object.json = Assets\Templates\test_object.json
	EndProjectSection
EndProject
Project("{8BC9CEB8-8B4A-11D0-8D11-00A0C91BC942}") = "Hello_GameObjectFactory", "VGP336\Hello_GameObjectFactory\Hello_GameObjectFactory.vcxproj", "{04D264F7-654F-4FDD-99F0-738C6AFBF5EB}"
EndProject
Global
	GlobalSection(SolutionConfigurationPlatforms) = preSolution
		Debug|Any CPU = Debug|Any CPU
		Debug|x64 = Debug|x64
		Debug|x86 = Debug|x86
		Release|Any CPU = Release|Any CPU
		Release|x64 = Release|x64
		Release|x86 = Release|x86
	EndGlobalSection
	GlobalSection(ProjectConfigurationPlatforms) = postSolution
		{F6CFC329-07AA-4342-900F-9DD2E92555AD}.Debug|Any CPU.ActiveCfg = Debug|x64
		{F6CFC329-07AA-4342-900F-9DD2E92555AD}.Debug|Any CPU.Build.0 = Debug|x64
		{F6CFC329-07AA-4342-900F-9DD2E92555AD}.Debug|x64.ActiveCfg = Debug|x64
		{F6CFC329-07AA-4342-900F-9DD2E92555AD}.Debug|x64.Build.0 = Debug|x64
		{F6CFC329-07AA-4342-900F-9DD2E92555AD}.Debug|x86.ActiveCfg = Debug|Win32
		{F6CFC329-07AA-4342-900F-9DD2E92555AD}.Debug|x86.Build.0 = Debug|Win32
		{F6CFC329-07AA-4342-900F-9DD2E92555AD}.Release|Any CPU.ActiveCfg = Release|x64
		{F6CFC329-07AA-4342-900F-9DD2E92555AD}.Release|Any CPU.Build.0 = Release|x64
		{F6CFC329-07AA-4342-900F-9DD2E92555AD}.Release|x64.ActiveCfg = Release|x64
		{F6CFC329-07AA-4342-900F-9DD2E92555AD}.Release|x64.Build.0 = Release|x64
		{F6CFC329-07AA-4342-900F-9DD2E92555AD}.Release|x86.ActiveCfg = Release|Win32
		{F6CFC329-07AA-4342-900F-9DD2E92555AD}.Release|x86.Build.0 = Release|Win32
		{F69B45A3-46BE-42C0-AA51-1A0A9BA2943C}.Debug|Any CPU.ActiveCfg = Debug|x64
		{F69B45A3-46BE-42C0-AA51-1A0A9BA2943C}.Debug|Any CPU.Build.0 = Debug|x64
		{F69B45A3-46BE-42C0-AA51-1A0A9BA2943C}.Debug|x64.ActiveCfg = Debug|x64
		{F69B45A3-46BE-42C0-AA51-1A0A9BA2943C}.Debug|x64.Build.0 = Debug|x64
		{F69B45A3-46BE-42C0-AA51-1A0A9BA2943C}.Debug|x86.ActiveCfg = Debug|Win32
		{F69B45A3-46BE-42C0-AA51-1A0A9BA2943C}.Debug|x86.Build.0 = Debug|Win32
		{F69B45A3-46BE-42C0-AA51-1A0A9BA2943C}.Release|Any CPU.ActiveCfg = Release|x64
		{F69B45A3-46BE-42C0-AA51-1A0A9BA2943C}.Release|Any CPU.Build.0 = Release|x64
		{F69B45A3-46BE-42C0-AA51-1A0A9BA2943C}.Release|x64.ActiveCfg = Release|x64
		{F69B45A3-46BE-42C0-AA51-1A0A9BA2943C}.Release|x64.Build.0 = Release|x64
		{F69B45A3-46BE-42C0-AA51-1A0A9BA2943C}.Release|x86.ActiveCfg = Release|Win32
		{F69B45A3-46BE-42C0-AA51-1A0A9BA2943C}.Release|x86.Build.0 = Release|Win32
		{C445718E-9D81-438C-A3ED-E6E3A294B4FB}.Debug|Any CPU.ActiveCfg = Debug|x64
		{C445718E-9D81-438C-A3ED-E6E3A294B4FB}.Debug|Any CPU.Build.0 = Debug|x64
		{C445718E-9D81-438C-A3ED-E6E3A294B4FB}.Debug|x64.ActiveCfg = Debug|x64
		{C445718E-9D81-438C-A3ED-E6E3A294B4FB}.Debug|x64.Build.0 = Debug|x64
		{C445718E-9D81-438C-A3ED-E6E3A294B4FB}.Debug|x86.ActiveCfg = Debug|Win32
		{C445718E-9D81-438C-A3ED-E6E3A294B4FB}.Debug|x86.Build.0 = Debug|Win32
		{C445718E-9D81-438C-A3ED-E6E3A294B4FB}.Release|Any CPU.ActiveCfg = Release|x64
		{C445718E-9D81-438C-A3ED-E6E3A294B4FB}.Release|Any CPU.Build.0 = Release|x64
		{C445718E-9D81-438C-A3ED-E6E3A294B4FB}.Release|x64.ActiveCfg = Release|x64
		{C445718E-9D81-438C-A3ED-E6E3A294B4FB}.Release|x64.Build.0 = Release|x64
		{C445718E-9D81-438C-A3ED-E6E3A294B4FB}.Release|x86.ActiveCfg = Release|Win32
		{C445718E-9D81-438C-A3ED-E6E3A294B4FB}.Release|x86.Build.0 = Release|Win32
		{F314EFB4-3145-475C-927A-E3E77EE1E2C0}.Debug|Any CPU.ActiveCfg = Debug|x64
		{F314EFB4-3145-475C-927A-E3E77EE1E2C0}.Debug|Any CPU.Build.0 = Debug|x64
		{F314EFB4-3145-475C-927A-E3E77EE1E2C0}.Debug|x64.ActiveCfg = Debug|x64
		{F314EFB4-3145-475C-927A-E3E77EE1E2C0}.Debug|x64.Build.0 = Debug|x64
		{F314EFB4-3145-475C-927A-E3E77EE1E2C0}.Debug|x86.ActiveCfg = Debug|Win32
		{F314EFB4-3145-475C-927A-E3E77EE1E2C0}.Debug|x86.Build.0 = Debug|Win32
		{F314EFB4-3145-475C-927A-E3E77EE1E2C0}.Release|Any CPU.ActiveCfg = Release|x64
		{F314EFB4-3145-475C-927A-E3E77EE1E2C0}.Release|Any CPU.Build.0 = Release|x64
		{F314EFB4-3145-475C-927A-E3E77EE1E2C0}.Release|x64.ActiveCfg = Release|x64
		{F314EFB4-3145-475C-927A-E3E77EE1E2C0}.Release|x64.Build.0 = Release|x64
		{F314EFB4-3145-475C-927A-E3E77EE1E2C0}.Release|x86.ActiveCfg = Release|Win32
		{F314EFB4-3145-475C-927A-E3E77EE1E2C0}.Release|x86.Build.0 = Release|Win32
		{92B5B0B5-DBFB-409C-8B99-978B64FA178C}.Debug|Any CPU.ActiveCfg = Debug|x64
		{92B5B0B5-DBFB-409C-8B99-978B64FA178C}.Debug|Any CPU.Build.0 = Debug|x64
		{92B5B0B5-DBFB-409C-8B99-978B64FA178C}.Debug|x64.ActiveCfg = Debug|x64
		{92B5B0B5-DBFB-409C-8B99-978B64FA178C}.Debug|x64.Build.0 = Debug|x64
		{92B5B0B5-DBFB-409C-8B99-978B64FA178C}.Debug|x86.ActiveCfg = Debug|Win32
		{92B5B0B5-DBFB-409C-8B99-978B64FA178C}.Debug|x86.Build.0 = Debug|Win32
		{92B5B0B5-DBFB-409C-8B99-978B64FA178C}.Release|Any CPU.ActiveCfg = Release|x64
		{92B5B0B5-DBFB-409C-8B99-978B64FA178C}.Release|Any CPU.Build.0 = Release|x64
		{92B5B0B5-DBFB-409C-8B99-978B64FA178C}.Release|x64.ActiveCfg = Release|x64
		{92B5B0B5-DBFB-409C-8B99-978B64FA178C}.Release|x64.Build.0 = Release|x64
		{92B5B0B5-DBFB-409C-8B99-978B64FA178C}.Release|x86.ActiveCfg = Release|Win32
		{92B5B0B5-DBFB-409C-8B99-978B64FA178C}.Release|x86.Build.0 = Release|Win32
		{3629F01A-6FED-42EB-B308-E9F7F1346EAF}.Debug|Any CPU.ActiveCfg = Debug|x64
		{3629F01A-6FED-42EB-B308-E9F7F1346EAF}.Debug|Any CPU.Build.0 = Debug|x64
		{3629F01A-6FED-42EB-B308-E9F7F1346EAF}.Debug|x64.ActiveCfg = Debug|x64
		{3629F01A-6FED-42EB-B308-E9F7F1346EAF}.Debug|x64.Build.0 = Debug|x64
		{3629F01A-6FED-42EB-B308-E9F7F1346EAF}.Debug|x86.ActiveCfg = Debug|Win32
		{3629F01A-6FED-42EB-B308-E9F7F1346EAF}.Debug|x86.Build.0 = Debug|Win32
		{3629F01A-6FED-42EB-B308-E9F7F1346EAF}.Release|Any CPU.ActiveCfg = Release|x64
		{3629F01A-6FED-42EB-B308-E9F7F1346EAF}.Release|Any CPU.Build.0 = Release|x64
		{3629F01A-6FED-42EB-B308-E9F7F1346EAF}.Release|x64.ActiveCfg = Release|x64
		{3629F01A-6FED-42EB-B308-E9F7F1346EAF}.Release|x64.Build.0 = Release|x64
		{3629F01A-6FED-42EB-B308-E9F7F1346EAF}.Release|x86.ActiveCfg = Release|Win32
		{3629F01A-6FED-42EB-B308-E9F7F1346EAF}.Release|x86.Build.0 = Release|Win32
		{65913C08-5898-4085-A72D-CCAF301E6E68}.Debug|Any CPU.ActiveCfg = Debug|x64
		{65913C08-5898-4085-A72D-CCAF301E6E68}.Debug|Any CPU.Build.0 = Debug|x64
		{65913C08-5898-4085-A72D-CCAF301E6E68}.Debug|x64.ActiveCfg = Debug|x64
		{65913C08-5898-4085-A72D-CCAF301E6E68}.Debug|x64.Build.0 = Debug|x64
		{65913C08-5898-4085-A72D-CCAF301E6E68}.Debug|x86.ActiveCfg = Debug|Win32
		{65913C08-5898-4085-A72D-CCAF301E6E68}.Debug|x86.Build.0 = Debug|Win32
		{65913C08-5898-4085-A72D-CCAF301E6E68}.Release|Any CPU.ActiveCfg = Release|x64
		{65913C08-5898-4085-A72D-CCAF301E6E68}.Release|Any CPU.Build.0 = Release|x64
		{65913C08-5898-4085-A72D-CCAF301E6E68}.Release|x64.ActiveCfg = Release|x64
		{65913C08-5898-4085-A72D-CCAF301E6E68}.Release|x64.Build.0 = Release|x64
		{65913C08-5898-4085-A72D-CCAF301E6E68}.Release|x86.ActiveCfg = Release|Win32
		{65913C08-5898-4085-A72D-CCAF301E6E68}.Release|x86.Build.0 = Release|Win32
		{613825EA-9B6E-442F-8EAA-183B29892EA4}.Debug|Any CPU.ActiveCfg = Debug|x64
		{613825EA-9B6E-442F-8EAA-183B29892EA4}.Debug|Any CPU.Build.0 = Debug|x64
		{613825EA-9B6E-442F-8EAA-183B29892EA4}.Debug|x64.ActiveCfg = Debug|x64
		{613825EA-9B6E-442F-8EAA-183B29892EA4}.Debug|x64.Build.0 = Debug|x64
		{613825EA-9B6E-442F-8EAA-183B29892EA4}.Debug|x86.ActiveCfg = Debug|Win32
		{613825EA-9B6E-442F-8EAA-183B29892EA4}.Debug|x86.Build.0 = Debug|Win32
		{613825EA-9B6E-442F-8EAA-183B29892EA4}.Release|Any CPU.ActiveCfg = Release|x64
		{613825EA-9B6E-442F-8EAA-183B29892EA4}.Release|Any CPU.Build.0 = Release|x64
		{613825EA-9B6E-442F-8EAA-183B29892EA4}.Release|x64.ActiveCfg = Release|x64
		{613825EA-9B6E-442F-8EAA-183B29892EA4}.Release|x64.Build.0 = Release|x64
		{613825EA-9B6E-442F-8EAA-183B29892EA4}.Release|x86.ActiveCfg = Release|Win32
		{613825EA-9B6E-442F-8EAA-183B29892EA4}.Release|x86.Build.0 = Release|Win32
		{E0B52AE7-E160-4D32-BF3F-910B785E5A8E}.Debug|Any CPU.ActiveCfg = Debug|x64
		{E0B52AE7-E160-4D32-BF3F-910B785E5A8E}.Debug|Any CPU.Build.0 = Debug|x64
		{E0B52AE7-E160-4D32-BF3F-910B785E5A8E}.Debug|x64.ActiveCfg = Debug|x64
		{E0B52AE7-E160-4D32-BF3F-910B785E5A8E}.Debug|x64.Build.0 = Debug|x64
		{E0B52AE7-E160-4D32-BF3F-910B785E5A8E}.Debug|x86.ActiveCfg = Debug|Win32
		{E0B52AE7-E160-4D32-BF3F-910B785E5A8E}.Debug|x86.Build.0 = Debug|Win32
		{E0B52AE7-E160-4D32-BF3F-910B785E5A8E}.Release|Any CPU.ActiveCfg = Release|x64
		{E0B52AE7-E160-4D32-BF3F-910B785E5A8E}.Release|Any CPU.Build.0 = Release|x64
		{E0B52AE7-E160-4D32-BF3F-910B785E5A8E}.Release|x64.ActiveCfg = Release|x64
		{E0B52AE7-E160-4D32-BF3F-910B785E5A8E}.Release|x64.Build.0 = Release|x64
		{E0B52AE7-E160-4D32-BF3F-910B785E5A8E}.Release|x86.ActiveCfg = Release|Win32
		{E0B52AE7-E160-4D32-BF3F-910B785E5A8E}.Release|x86.Build.0 = Release|Win32
		{908DD2F6-9D93-4BA8-93C7-0384A3224667}.Debug|Any CPU.ActiveCfg = Debug|x64
		{908DD2F6-9D93-4BA8-93C7-0384A3224667}.Debug|Any CPU.Build.0 = Debug|x64
		{908DD2F6-9D93-4BA8-93C7-0384A3224667}.Debug|x64.ActiveCfg = Debug|x64
		{908DD2F6-9D93-4BA8-93C7-0384A3224667}.Debug|x64.Build.0 = Debug|x64
		{908DD2F6-9D93-4BA8-93C7-0384A3224667}.Debug|x86.ActiveCfg = Debug|Win32
		{908DD2F6-9D93-4BA8-93C7-0384A3224667}.Debug|x86.Build.0 = Debug|Win32
		{908DD2F6-9D93-4BA8-93C7-0384A3224667}.Release|Any CPU.ActiveCfg = Release|x64
		{908DD2F6-9D93-4BA8-93C7-0384A3224667}.Release|Any CPU.Build.0 = Release|x64
		{908DD2F6-9D93-4BA8-93C7-0384A3224667}.Release|x64.ActiveCfg = Release|x64
		{908DD2F6-9D93-4BA8-93C7-0384A3224667}.Release|x64.Build.0 = Release|x64
		{908DD2F6-9D93-4BA8-93C7-0384A3224667}.Release|x86.ActiveCfg = Release|Win32
		{908DD2F6-9D93-4BA8-93C7-0384A3224667}.Release|x86.Build.0 = Release|Win32
		{328BC1E5-2948-4AE9-AE3A-53E08A9D01DF}.Debug|Any CPU.ActiveCfg = Debug|x64
		{328BC1E5-2948-4AE9-AE3A-53E08A9D01DF}.Debug|Any CPU.Build.0 = Debug|x64
		{328BC1E5-2948-4AE9-AE3A-53E08A9D01DF}.Debug|x64.ActiveCfg = Debug|x64
		{328BC1E5-2948-4AE9-AE3A-53E08A9D01DF}.Debug|x64.Build.0 = Debug|x64
		{328BC1E5-2948-4AE9-AE3A-53E08A9D01DF}.Debug|x86.ActiveCfg = Debug|Win32
		{328BC1E5-2948-4AE9-AE3A-53E08A9D01DF}.Debug|x86.Build.0 = Debug|Win32
		{328BC1E5-2948-4AE9-AE3A-53E08A9D01DF}.Release|Any CPU.ActiveCfg = Release|x64
		{328BC1E5-2948-4AE9-AE3A-53E08A9D01DF}.Release|Any CPU.Build.0 = Release|x64
		{328BC1E5-2948-4AE9-AE3A-53E08A9D01DF}.Release|x64.ActiveCfg = Release|x64
		{328BC1E5-2948-4AE9-AE3A-53E08A9D01DF}.Release|x64.Build.0 = Release|x64
		{328BC1E5-2948-4AE9-AE3A-53E08A9D01DF}.Release|x86.ActiveCfg = Release|Win32
		{328BC1E5-2948-4AE9-AE3A-53E08A9D01DF}.Release|x86.Build.0 = Release|Win32
		{52D656A2-A2F4-4C54-A3C7-653427BED1E8}.Debug|Any CPU.ActiveCfg = Debug|x64
		{52D656A2-A2F4-4C54-A3C7-653427BED1E8}.Debug|Any CPU.Build.0 = Debug|x64
		{52D656A2-A2F4-4C54-A3C7-653427BED1E8}.Debug|x64.ActiveCfg = Debug|x64
		{52D656A2-A2F4-4C54-A3C7-653427BED1E8}.Debug|x64.Build.0 = Debug|x64
		{52D656A2-A2F4-4C54-A3C7-653427BED1E8}.Debug|x86.ActiveCfg = Debug|Win32
		{52D656A2-A2F4-4C54-A3C7-653427BED1E8}.Debug|x86.Build.0 = Debug|Win32
		{52D656A2-A2F4-4C54-A3C7-653427BED1E8}.Release|Any CPU.ActiveCfg = Release|x64
		{52D656A2-A2F4-4C54-A3C7-653427BED1E8}.Release|Any CPU.Build.0 = Release|x64
		{52D656A2-A2F4-4C54-A3C7-653427BED1E8}.Release|x64.ActiveCfg = Release|x64
		{52D656A2-A2F4-4C54-A3C7-653427BED1E8}.Release|x64.Build.0 = Release|x64
		{52D656A2-A2F4-4C54-A3C7-653427BED1E8}.Release|x86.ActiveCfg = Release|Win32
		{52D656A2-A2F4-4C54-A3C7-653427BED1E8}.Release|x86.Build.0 = Release|Win32
		{E639748C-9DF4-4F26-9595-DEA49F7F4F6E}.Debug|Any CPU.ActiveCfg = Debug|x64
		{E639748C-9DF4-4F26-9595-DEA49F7F4F6E}.Debug|Any CPU.Build.0 = Debug|x64
		{E639748C-9DF4-4F26-9595-DEA49F7F4F6E}.Debug|x64.ActiveCfg = Debug|x64
		{E639748C-9DF4-4F26-9595-DEA49F7F4F6E}.Debug|x64.Build.0 = Debug|x64
		{E639748C-9DF4-4F26-9595-DEA49F7F4F6E}.Debug|x86.ActiveCfg = Debug|Win32
		{E639748C-9DF4-4F26-9595-DEA49F7F4F6E}.Debug|x86.Build.0 = Debug|Win32
		{E639748C-9DF4-4F26-9595-DEA49F7F4F6E}.Release|Any CPU.ActiveCfg = Release|x64
		{E639748C-9DF4-4F26-9595-DEA49F7F4F6E}.Release|Any CPU.Build.0 = Release|x64
		{E639748C-9DF4-4F26-9595-DEA49F7F4F6E}.Release|x64.ActiveCfg = Release|x64
		{E639748C-9DF4-4F26-9595-DEA49F7F4F6E}.Release|x64.Build.0 = Release|x64
		{E639748C-9DF4-4F26-9595-DEA49F7F4F6E}.Release|x86.ActiveCfg = Release|Win32
		{E639748C-9DF4-4F26-9595-DEA49F7F4F6E}.Release|x86.Build.0 = Release|Win32
		{57ECBD14-8A2C-4157-BB36-0E84B83353FF}.Debug|Any CPU.ActiveCfg = Debug|x64
		{57ECBD14-8A2C-4157-BB36-0E84B83353FF}.Debug|Any CPU.Build.0 = Debug|x64
		{57ECBD14-8A2C-4157-BB36-0E84B83353FF}.Debug|x64.ActiveCfg = Debug|x64
		{57ECBD14-8A2C-4157-BB36-0E84B83353FF}.Debug|x64.Build.0 = Debug|x64
		{57ECBD14-8A2C-4157-BB36-0E84B83353FF}.Debug|x86.ActiveCfg = Debug|Win32
		{57ECBD14-8A2C-4157-BB36-0E84B83353FF}.Debug|x86.Build.0 = Debug|Win32
		{57ECBD14-8A2C-4157-BB36-0E84B83353FF}.Release|Any CPU.ActiveCfg = Release|x64
		{57ECBD14-8A2C-4157-BB36-0E84B83353FF}.Release|Any CPU.Build.0 = Release|x64
		{57ECBD14-8A2C-4157-BB36-0E84B83353FF}.Release|x64.ActiveCfg = Release|x64
		{57ECBD14-8A2C-4157-BB36-0E84B83353FF}.Release|x64.Build.0 = Release|x64
		{57ECBD14-8A2C-4157-BB36-0E84B83353FF}.Release|x86.ActiveCfg = Release|Win32
		{57ECBD14-8A2C-4157-BB36-0E84B83353FF}.Release|x86.Build.0 = Release|Win32
		{EB7B49CF-7FC5-4AF0-80F0-B98BCA9BEEAA}.Debug|Any CPU.ActiveCfg = Debug|x64
		{EB7B49CF-7FC5-4AF0-80F0-B98BCA9BEEAA}.Debug|Any CPU.Build.0 = Debug|x64
		{EB7B49CF-7FC5-4AF0-80F0-B98BCA9BEEAA}.Debug|x64.ActiveCfg = Debug|x64
		{EB7B49CF-7FC5-4AF0-80F0-B98BCA9BEEAA}.Debug|x64.Build.0 = Debug|x64
		{EB7B49CF-7FC5-4AF0-80F0-B98BCA9BEEAA}.Debug|x86.ActiveCfg = Debug|Win32
		{EB7B49CF-7FC5-4AF0-80F0-B98BCA9BEEAA}.Debug|x86.Build.0 = Debug|Win32
		{EB7B49CF-7FC5-4AF0-80F0-B98BCA9BEEAA}.Release|Any CPU.ActiveCfg = Release|x64
		{EB7B49CF-7FC5-4AF0-80F0-B98BCA9BEEAA}.Release|Any CPU.Build.0 = Release|x64
		{EB7B49CF-7FC5-4AF0-80F0-B98BCA9BEEAA}.Release|x64.ActiveCfg = Release|x64
		{EB7B49CF-7FC5-4AF0-80F0-B98BCA9BEEAA}.Release|x64.Build.0 = Release|x64
		{EB7B49CF-7FC5-4AF0-80F0-B98BCA9BEEAA}.Release|x86.ActiveCfg = Release|Win32
		{EB7B49CF-7FC5-4AF0-80F0-B98BCA9BEEAA}.Release|x86.Build.0 = Release|Win32
		{AB8596AF-991C-4B7C-BAD0-8B6457239732}.Debug|Any CPU.ActiveCfg = Debug|x64
		{AB8596AF-991C-4B7C-BAD0-8B6457239732}.Debug|Any CPU.Build.0 = Debug|x64
		{AB8596AF-991C-4B7C-BAD0-8B6457239732}.Debug|x64.ActiveCfg = Debug|x64
		{AB8596AF-991C-4B7C-BAD0-8B6457239732}.Debug|x64.Build.0 = Debug|x64
		{AB8596AF-991C-4B7C-BAD0-8B6457239732}.Debug|x86.ActiveCfg = Debug|Win32
		{AB8596AF-991C-4B7C-BAD0-8B6457239732}.Debug|x86.Build.0 = Debug|Win32
		{AB8596AF-991C-4B7C-BAD0-8B6457239732}.Release|Any CPU.ActiveCfg = Release|x64
		{AB8596AF-991C-4B7C-BAD0-8B6457239732}.Release|Any CPU.Build.0 = Release|x64
		{AB8596AF-991C-4B7C-BAD0-8B6457239732}.Release|x64.ActiveCfg = Release|x64
		{AB8596AF-991C-4B7C-BAD0-8B6457239732}.Release|x64.Build.0 = Release|x64
		{AB8596AF-991C-4B7C-BAD0-8B6457239732}.Release|x86.ActiveCfg = Release|Win32
		{AB8596AF-991C-4B7C-BAD0-8B6457239732}.Release|x86.Build.0 = Release|Win32
		{86350F54-05DE-4946-A22D-52F634D0452D}.Debug|Any CPU.ActiveCfg = Debug|x64
		{86350F54-05DE-4946-A22D-52F634D0452D}.Debug|Any CPU.Build.0 = Debug|x64
		{86350F54-05DE-4946-A22D-52F634D0452D}.Debug|x64.ActiveCfg = Debug|x64
		{86350F54-05DE-4946-A22D-52F634D0452D}.Debug|x64.Build.0 = Debug|x64
		{86350F54-05DE-4946-A22D-52F634D0452D}.Debug|x86.ActiveCfg = Debug|Win32
		{86350F54-05DE-4946-A22D-52F634D0452D}.Debug|x86.Build.0 = Debug|Win32
		{86350F54-05DE-4946-A22D-52F634D0452D}.Release|Any CPU.ActiveCfg = Release|x64
		{86350F54-05DE-4946-A22D-52F634D0452D}.Release|Any CPU.Build.0 = Release|x64
		{86350F54-05DE-4946-A22D-52F634D0452D}.Release|x64.ActiveCfg = Release|x64
		{86350F54-05DE-4946-A22D-52F634D0452D}.Release|x64.Build.0 = Release|x64
		{86350F54-05DE-4946-A22D-52F634D0452D}.Release|x86.ActiveCfg = Release|Win32
		{86350F54-05DE-4946-A22D-52F634D0452D}.Release|x86.Build.0 = Release|Win32
		{05AFC6EE-30D4-4257-985F-88C65FF56322}.Debug|Any CPU.ActiveCfg = Debug|x64
		{05AFC6EE-30D4-4257-985F-88C65FF56322}.Debug|Any CPU.Build.0 = Debug|x64
		{05AFC6EE-30D4-4257-985F-88C65FF56322}.Debug|x64.ActiveCfg = Debug|x64
		{05AFC6EE-30D4-4257-985F-88C65FF56322}.Debug|x64.Build.0 = Debug|x64
		{05AFC6EE-30D4-4257-985F-88C65FF56322}.Debug|x86.ActiveCfg = Debug|Win32
		{05AFC6EE-30D4-4257-985F-88C65FF56322}.Debug|x86.Build.0 = Debug|Win32
		{05AFC6EE-30D4-4257-985F-88C65FF56322}.Release|Any CPU.ActiveCfg = Release|x64
		{05AFC6EE-30D4-4257-985F-88C65FF56322}.Release|Any CPU.Build.0 = Release|x64
		{05AFC6EE-30D4-4257-985F-88C65FF56322}.Release|x64.ActiveCfg = Release|x64
		{05AFC6EE-30D4-4257-985F-88C65FF56322}.Release|x64.Build.0 = Release|x64
		{05AFC6EE-30D4-4257-985F-88C65FF56322}.Release|x86.ActiveCfg = Release|Win32
		{05AFC6EE-30D4-4257-985F-88C65FF56322}.Release|x86.Build.0 = Release|Win32
		{B960608B-2A39-4735-BAF1-3F1C0A692C6B}.Debug|Any CPU.ActiveCfg = Debug|x64
		{B960608B-2A39-4735-BAF1-3F1C0A692C6B}.Debug|Any CPU.Build.0 = Debug|x64
		{B960608B-2A39-4735-BAF1-3F1C0A692C6B}.Debug|x64.ActiveCfg = Debug|x64
		{B960608B-2A39-4735-BAF1-3F1C0A692C6B}.Debug|x64.Build.0 = Debug|x64
		{B960608B-2A39-4735-BAF1-3F1C0A692C6B}.Debug|x86.ActiveCfg = Debug|Win32
		{B960608B-2A39-4735-BAF1-3F1C0A692C6B}.Debug|x86.Build.0 = Debug|Win32
		{B960608B-2A39-4735-BAF1-3F1C0A692C6B}.Release|Any CPU.ActiveCfg = Release|x64
		{B960608B-2A39-4735-BAF1-3F1C0A692C6B}.Release|Any CPU.Build.0 = Release|x64
		{B960608B-2A39-4735-BAF1-3F1C0A692C6B}.Release|x64.ActiveCfg = Release|x64
		{B960608B-2A39-4735-BAF1-3F1C0A692C6B}.Release|x64.Build.0 = Release|x64
		{B960608B-2A39-4735-BAF1-3F1C0A692C6B}.Release|x86.ActiveCfg = Release|Win32
		{B960608B-2A39-4735-BAF1-3F1C0A692C6B}.Release|x86.Build.0 = Release|Win32
		{1B1A8FE1-A3D4-4BA0-A054-D0DE153AF74C}.Debug|Any CPU.ActiveCfg = Debug|x64
		{1B1A8FE1-A3D4-4BA0-A054-D0DE153AF74C}.Debug|Any CPU.Build.0 = Debug|x64
		{1B1A8FE1-A3D4-4BA0-A054-D0DE153AF74C}.Debug|x64.ActiveCfg = Debug|x64
		{1B1A8FE1-A3D4-4BA0-A054-D0DE153AF74C}.Debug|x64.Build.0 = Debug|x64
		{1B1A8FE1-A3D4-4BA0-A054-D0DE153AF74C}.Debug|x86.ActiveCfg = Debug|Win32
		{1B1A8FE1-A3D4-4BA0-A054-D0DE153AF74C}.Debug|x86.Build.0 = Debug|Win32
		{1B1A8FE1-A3D4-4BA0-A054-D0DE153AF74C}.Release|Any CPU.ActiveCfg = Release|x64
		{1B1A8FE1-A3D4-4BA0-A054-D0DE153AF74C}.Release|Any CPU.Build.0 = Release|x64
		{1B1A8FE1-A3D4-4BA0-A054-D0DE153AF74C}.Release|x64.ActiveCfg = Release|x64
		{1B1A8FE1-A3D4-4BA0-A054-D0DE153AF74C}.Release|x64.Build.0 = Release|x64
		{1B1A8FE1-A3D4-4BA0-A054-D0DE153AF74C}.Release|x86.ActiveCfg = Release|Win32
		{1B1A8FE1-A3D4-4BA0-A054-D0DE153AF74C}.Release|x86.Build.0 = Release|Win32
		{3EA44E50-90AE-40B6-8C79-58DA22ECA4FB}.Debug|Any CPU.ActiveCfg = Debug|x64
		{3EA44E50-90AE-40B6-8C79-58DA22ECA4FB}.Debug|Any CPU.Build.0 = Debug|x64
		{3EA44E50-90AE-40B6-8C79-58DA22ECA4FB}.Debug|x64.ActiveCfg = Debug|x64
		{3EA44E50-90AE-40B6-8C79-58DA22ECA4FB}.Debug|x64.Build.0 = Debug|x64
		{3EA44E50-90AE-40B6-8C79-58DA22ECA4FB}.Debug|x86.ActiveCfg = Debug|Win32
		{3EA44E50-90AE-40B6-8C79-58DA22ECA4FB}.Debug|x86.Build.0 = Debug|Win32
		{3EA44E50-90AE-40B6-8C79-58DA22ECA4FB}.Release|Any CPU.ActiveCfg = Release|x64
		{3EA44E50-90AE-40B6-8C79-58DA22ECA4FB}.Release|Any CPU.Build.0 = Release|x64
		{3EA44E50-90AE-40B6-8C79-58DA22ECA4FB}.Release|x64.ActiveCfg = Release|x64
		{3EA44E50-90AE-40B6-8C79-58DA22ECA4FB}.Release|x64.Build.0 = Release|x64
		{3EA44E50-90AE-40B6-8C79-58DA22ECA4FB}.Release|x86.ActiveCfg = Release|Win32
		{3EA44E50-90AE-40B6-8C79-58DA22ECA4FB}.Release|x86.Build.0 = Release|Win32
		{315F2A8F-7D5A-425D-8B52-E6181E930436}.Debug|Any CPU.ActiveCfg = Debug|x64
		{315F2A8F-7D5A-425D-8B52-E6181E930436}.Debug|Any CPU.Build.0 = Debug|x64
		{315F2A8F-7D5A-425D-8B52-E6181E930436}.Debug|x64.ActiveCfg = Debug|x64
		{315F2A8F-7D5A-425D-8B52-E6181E930436}.Debug|x64.Build.0 = Debug|x64
		{315F2A8F-7D5A-425D-8B52-E6181E930436}.Debug|x86.ActiveCfg = Debug|Win32
		{315F2A8F-7D5A-425D-8B52-E6181E930436}.Debug|x86.Build.0 = Debug|Win32
		{315F2A8F-7D5A-425D-8B52-E6181E930436}.Release|Any CPU.ActiveCfg = Release|x64
		{315F2A8F-7D5A-425D-8B52-E6181E930436}.Release|Any CPU.Build.0 = Release|x64
		{315F2A8F-7D5A-425D-8B52-E6181E930436}.Release|x64.ActiveCfg = Release|x64
		{315F2A8F-7D5A-425D-8B52-E6181E930436}.Release|x64.Build.0 = Release|x64
		{315F2A8F-7D5A-425D-8B52-E6181E930436}.Release|x86.ActiveCfg = Release|Win32
		{315F2A8F-7D5A-425D-8B52-E6181E930436}.Release|x86.Build.0 = Release|Win32
		{1F0FC577-87DB-4C69-86C9-EB02B8717262}.Debug|Any CPU.ActiveCfg = Debug|x64
		{1F0FC577-87DB-4C69-86C9-EB02B8717262}.Debug|Any CPU.Build.0 = Debug|x64
		{1F0FC577-87DB-4C69-86C9-EB02B8717262}.Debug|x64.ActiveCfg = Debug|x64
		{1F0FC577-87DB-4C69-86C9-EB02B8717262}.Debug|x64.Build.0 = Debug|x64
		{1F0FC577-87DB-4C69-86C9-EB02B8717262}.Debug|x86.ActiveCfg = Debug|Win32
		{1F0FC577-87DB-4C69-86C9-EB02B8717262}.Debug|x86.Build.0 = Debug|Win32
		{1F0FC577-87DB-4C69-86C9-EB02B8717262}.Release|Any CPU.ActiveCfg = Release|x64
		{1F0FC577-87DB-4C69-86C9-EB02B8717262}.Release|Any CPU.Build.0 = Release|x64
		{1F0FC577-87DB-4C69-86C9-EB02B8717262}.Release|x64.ActiveCfg = Release|x64
		{1F0FC577-87DB-4C69-86C9-EB02B8717262}.Release|x64.Build.0 = Release|x64
		{1F0FC577-87DB-4C69-86C9-EB02B8717262}.Release|x86.ActiveCfg = Release|Win32
		{1F0FC577-87DB-4C69-86C9-EB02B8717262}.Release|x86.Build.0 = Release|Win32
		{5FEF053C-E5FB-4597-8310-B9DDE301AA2B}.Debug|Any CPU.ActiveCfg = Debug|x64
		{5FEF053C-E5FB-4597-8310-B9DDE301AA2B}.Debug|Any CPU.Build.0 = Debug|x64
		{5FEF053C-E5FB-4597-8310-B9DDE301AA2B}.Debug|x64.ActiveCfg = Debug|x64
		{5FEF053C-E5FB-4597-8310-B9DDE301AA2B}.Debug|x64.Build.0 = Debug|x64
		{5FEF053C-E5FB-4597-8310-B9DDE301AA2B}.Debug|x86.ActiveCfg = Debug|Win32
		{5FEF053C-E5FB-4597-8310-B9DDE301AA2B}.Debug|x86.Build.0 = Debug|Win32
		{5FEF053C-E5FB-4597-8310-B9DDE301AA2B}.Release|Any CPU.ActiveCfg = Release|x64
		{5FEF053C-E5FB-4597-8310-B9DDE301AA2B}.Release|Any CPU.Build.0 = Release|x64
		{5FEF053C-E5FB-4597-8310-B9DDE301AA2B}.Release|x64.ActiveCfg = Release|x64
		{5FEF053C-E5FB-4597-8310-B9DDE301AA2B}.Release|x64.Build.0 = Release|x64
		{5FEF053C-E5FB-4597-8310-B9DDE301AA2B}.Release|x86.ActiveCfg = Release|Win32
		{5FEF053C-E5FB-4597-8310-B9DDE301AA2B}.Release|x86.Build.0 = Release|Win32
		{28311213-1047-4A7A-8DC5-D15C9DED7783}.Debug|Any CPU.ActiveCfg = Debug|x64
		{28311213-1047-4A7A-8DC5-D15C9DED7783}.Debug|Any CPU.Build.0 = Debug|x64
		{28311213-1047-4A7A-8DC5-D15C9DED7783}.Debug|x64.ActiveCfg = Debug|x64
		{28311213-1047-4A7A-8DC5-D15C9DED7783}.Debug|x64.Build.0 = Debug|x64
		{28311213-1047-4A7A-8DC5-D15C9DED7783}.Debug|x86.ActiveCfg = Debug|Win32
		{28311213-1047-4A7A-8DC5-D15C9DED7783}.Debug|x86.Build.0 = Debug|Win32
		{28311213-1047-4A7A-8DC5-D15C9DED7783}.Release|Any CPU.ActiveCfg = Release|x64
		{28311213-1047-4A7A-8DC5-D15C9DED7783}.Release|Any CPU.Build.0 = Release|x64
		{28311213-1047-4A7A-8DC5-D15C9DED7783}.Release|x64.ActiveCfg = Release|x64
		{28311213-1047-4A7A-8DC5-D15C9DED7783}.Release|x64.Build.0 = Release|x64
		{28311213-1047-4A7A-8DC5-D15C9DED7783}.Release|x86.ActiveCfg = Release|Win32
		{28311213-1047-4A7A-8DC5-D15C9DED7783}.Release|x86.Build.0 = Release|Win32
		{8230DE63-18C1-42D7-93EE-85E389F93B83}.Debug|Any CPU.ActiveCfg = Debug|x64
		{8230DE63-18C1-42D7-93EE-85E389F93B83}.Debug|Any CPU.Build.0 = Debug|x64
		{8230DE63-18C1-42D7-93EE-85E389F93B83}.Debug|x64.ActiveCfg = Debug|x64
		{8230DE63-18C1-42D7-93EE-85E389F93B83}.Debug|x64.Build.0 = Debug|x64
		{8230DE63-18C1-42D7-93EE-85E389F93B83}.Debug|x86.ActiveCfg = Debug|Win32
		{8230DE63-18C1-42D7-93EE-85E389F93B83}.Debug|x86.Build.0 = Debug|Win32
		{8230DE63-18C1-42D7-93EE-85E389F93B83}.Release|Any CPU.ActiveCfg = Release|x64
		{8230DE63-18C1-42D7-93EE-85E389F93B83}.Release|Any CPU.Build.0 = Release|x64
		{8230DE63-18C1-42D7-93EE-85E389F93B83}.Release|x64.ActiveCfg = Release|x64
		{8230DE63-18C1-42D7-93EE-85E389F93B83}.Release|x64.Build.0 = Release|x64
		{8230DE63-18C1-42D7-93EE-85E389F93B83}.Release|x86.ActiveCfg = Release|Win32
		{8230DE63-18C1-42D7-93EE-85E389F93B83}.Release|x86.Build.0 = Release|Win32
		{DC531A04-2556-473F-BBD7-B1C3DC35D02A}.Debug|Any CPU.ActiveCfg = Debug|x64
		{DC531A04-2556-473F-BBD7-B1C3DC35D02A}.Debug|Any CPU.Build.0 = Debug|x64
		{DC531A04-2556-473F-BBD7-B1C3DC35D02A}.Debug|x64.ActiveCfg = Debug|x64
		{DC531A04-2556-473F-BBD7-B1C3DC35D02A}.Debug|x64.Build.0 = Debug|x64
		{DC531A04-2556-473F-BBD7-B1C3DC35D02A}.Debug|x86.ActiveCfg = Debug|Win32
		{DC531A04-2556-473F-BBD7-B1C3DC35D02A}.Debug|x86.Build.0 = Debug|Win32
		{DC531A04-2556-473F-BBD7-B1C3DC35D02A}.Release|Any CPU.ActiveCfg = Release|x64
		{DC531A04-2556-473F-BBD7-B1C3DC35D02A}.Release|Any CPU.Build.0 = Release|x64
		{DC531A04-2556-473F-BBD7-B1C3DC35D02A}.Release|x64.ActiveCfg = Release|x64
		{DC531A04-2556-473F-BBD7-B1C3DC35D02A}.Release|x64.Build.0 = Release|x64
		{DC531A04-2556-473F-BBD7-B1C3DC35D02A}.Release|x86.ActiveCfg = Release|Win32
		{DC531A04-2556-473F-BBD7-B1C3DC35D02A}.Release|x86.Build.0 = Release|Win32
		{516192EB-788A-4FE7-B2B7-2EF9AC036B12}.Debug|Any CPU.ActiveCfg = Debug|x64
		{516192EB-788A-4FE7-B2B7-2EF9AC036B12}.Debug|Any CPU.Build.0 = Debug|x64
		{516192EB-788A-4FE7-B2B7-2EF9AC036B12}.Debug|x64.ActiveCfg = Debug|x64
		{516192EB-788A-4FE7-B2B7-2EF9AC036B12}.Debug|x64.Build.0 = Debug|x64
		{516192EB-788A-4FE7-B2B7-2EF9AC036B12}.Debug|x86.ActiveCfg = Debug|Win32
		{516192EB-788A-4FE7-B2B7-2EF9AC036B12}.Debug|x86.Build.0 = Debug|Win32
		{516192EB-788A-4FE7-B2B7-2EF9AC036B12}.Release|Any CPU.ActiveCfg = Release|x64
		{516192EB-788A-4FE7-B2B7-2EF9AC036B12}.Release|Any CPU.Build.0 = Release|x64
		{516192EB-788A-4FE7-B2B7-2EF9AC036B12}.Release|x64.ActiveCfg = Release|x64
		{516192EB-788A-4FE7-B2B7-2EF9AC036B12}.Release|x64.Build.0 = Release|x64
		{516192EB-788A-4FE7-B2B7-2EF9AC036B12}.Release|x86.ActiveCfg = Release|Win32
		{516192EB-788A-4FE7-B2B7-2EF9AC036B12}.Release|x86.Build.0 = Release|Win32
		{AE5CFC76-BCD4-4EA6-B0F7-0B08831FA906}.Debug|Any CPU.ActiveCfg = Debug|x64
		{AE5CFC76-BCD4-4EA6-B0F7-0B08831FA906}.Debug|Any CPU.Build.0 = Debug|x64
		{AE5CFC76-BCD4-4EA6-B0F7-0B08831FA906}.Debug|x64.ActiveCfg = Debug|x64
		{AE5CFC76-BCD4-4EA6-B0F7-0B08831FA906}.Debug|x64.Build.0 = Debug|x64
		{AE5CFC76-BCD4-4EA6-B0F7-0B08831FA906}.Debug|x86.ActiveCfg = Debug|Win32
		{AE5CFC76-BCD4-4EA6-B0F7-0B08831FA906}.Debug|x86.Build.0 = Debug|Win32
		{AE5CFC76-BCD4-4EA6-B0F7-0B08831FA906}.Release|Any CPU.ActiveCfg = Release|x64
		{AE5CFC76-BCD4-4EA6-B0F7-0B08831FA906}.Release|Any CPU.Build.0 = Release|x64
		{AE5CFC76-BCD4-4EA6-B0F7-0B08831FA906}.Release|x64.ActiveCfg = Release|x64
		{AE5CFC76-BCD4-4EA6-B0F7-0B08831FA906}.Release|x64.Build.0 = Release|x64
		{AE5CFC76-BCD4-4EA6-B0F7-0B08831FA906}.Release|x86.ActiveCfg = Release|Win32
		{AE5CFC76-BCD4-4EA6-B0F7-0B08831FA906}.Release|x86.Build.0 = Release|Win32
		{A6C29250-BDDE-4E0F-A700-6E41C9EF8A14}.Debug|Any CPU.ActiveCfg = Debug|x64
		{A6C29250-BDDE-4E0F-A700-6E41C9EF8A14}.Debug|Any CPU.Build.0 = Debug|x64
		{A6C29250-BDDE-4E0F-A700-6E41C9EF8A14}.Debug|x64.ActiveCfg = Debug|x64
		{A6C29250-BDDE-4E0F-A700-6E41C9EF8A14}.Debug|x64.Build.0 = Debug|x64
		{A6C29250-BDDE-4E0F-A700-6E41C9EF8A14}.Debug|x86.ActiveCfg = Debug|Win32
		{A6C29250-BDDE-4E0F-A700-6E41C9EF8A14}.Debug|x86.Build.0 = Debug|Win32
		{A6C29250-BDDE-4E0F-A700-6E41C9EF8A14}.Release|Any CPU.ActiveCfg = Release|x64
		{A6C29250-BDDE-4E0F-A700-6E41C9EF8A14}.Release|Any CPU.Build.0 = Release|x64
		{A6C29250-BDDE-4E0F-A700-6E41C9EF8A14}.Release|x64.ActiveCfg = Release|x64
		{A6C29250-BDDE-4E0F-A700-6E41C9EF8A14}.Release|x64.Build.0 = Release|x64
		{A6C29250-BDDE-4E0F-A700-6E41C9EF8A14}.Release|x86.ActiveCfg = Release|Win32
		{A6C29250-BDDE-4E0F-A700-6E41C9EF8A14}.Release|x86.Build.0 = Release|Win32
		{8E1ADC36-43D9-42CA-96FB-8EDADA541E05}.Debug|Any CPU.ActiveCfg = Debug|x64
		{8E1ADC36-43D9-42CA-96FB-8EDADA541E05}.Debug|Any CPU.Build.0 = Debug|x64
		{8E1ADC36-43D9-42CA-96FB-8EDADA541E05}.Debug|x64.ActiveCfg = Debug|x64
		{8E1ADC36-43D9-42CA-96FB-8EDADA541E05}.Debug|x64.Build.0 = Debug|x64
		{8E1ADC36-43D9-42CA-96FB-8EDADA541E05}.Debug|x86.ActiveCfg = Debug|Win32
		{8E1ADC36-43D9-42CA-96FB-8EDADA541E05}.Debug|x86.Build.0 = Debug|Win32
		{8E1ADC36-43D9-42CA-96FB-8EDADA541E05}.Release|Any CPU.ActiveCfg = Release|x64
		{8E1ADC36-43D9-42CA-96FB-8EDADA541E05}.Release|Any CPU.Build.0 = Release|x64
		{8E1ADC36-43D9-42CA-96FB-8EDADA541E05}.Release|x64.ActiveCfg = Release|x64
		{8E1ADC36-43D9-42CA-96FB-8EDADA541E05}.Release|x64.Build.0 = Release|x64
		{8E1ADC36-43D9-42CA-96FB-8EDADA541E05}.Release|x86.ActiveCfg = Release|Win32
		{8E1ADC36-43D9-42CA-96FB-8EDADA541E05}.Release|x86.Build.0 = Release|Win32
		{69B5EC26-6130-48F7-ADB8-436FD347D754}.Debug|Any CPU.ActiveCfg = Debug|x64
		{69B5EC26-6130-48F7-ADB8-436FD347D754}.Debug|Any CPU.Build.0 = Debug|x64
		{69B5EC26-6130-48F7-ADB8-436FD347D754}.Debug|x64.ActiveCfg = Debug|x64
		{69B5EC26-6130-48F7-ADB8-436FD347D754}.Debug|x64.Build.0 = Debug|x64
		{69B5EC26-6130-48F7-ADB8-436FD347D754}.Debug|x86.ActiveCfg = Debug|Win32
		{69B5EC26-6130-48F7-ADB8-436FD347D754}.Debug|x86.Build.0 = Debug|Win32
		{69B5EC26-6130-48F7-ADB8-436FD347D754}.Release|Any CPU.ActiveCfg = Release|x64
		{69B5EC26-6130-48F7-ADB8-436FD347D754}.Release|Any CPU.Build.0 = Release|x64
		{69B5EC26-6130-48F7-ADB8-436FD347D754}.Release|x64.ActiveCfg = Release|x64
		{69B5EC26-6130-48F7-ADB8-436FD347D754}.Release|x64.Build.0 = Release|x64
		{69B5EC26-6130-48F7-ADB8-436FD347D754}.Release|x86.ActiveCfg = Release|Win32
		{69B5EC26-6130-48F7-ADB8-436FD347D754}.Release|x86.Build.0 = Release|Win32
		{4F150A30-CECB-49D1-8283-6A3F57438CF5}.Debug|Any CPU.ActiveCfg = Debug|x64
		{4F150A30-CECB-49D1-8283-6A3F57438CF5}.Debug|Any CPU.Build.0 = Debug|x64
		{4F150A30-CECB-49D1-8283-6A3F57438CF5}.Debug|x64.ActiveCfg = Debug|x64
		{4F150A30-CECB-49D1-8283-6A3F57438CF5}.Debug|x64.Build.0 = Debug|x64
		{4F150A30-CECB-49D1-8283-6A3F57438CF5}.Debug|x86.ActiveCfg = Debug|Win32
		{4F150A30-CECB-49D1-8283-6A3F57438CF5}.Debug|x86.Build.0 = Debug|Win32
		{4F150A30-CECB-49D1-8283-6A3F57438CF5}.Release|Any CPU.ActiveCfg = Release|x64
		{4F150A30-CECB-49D1-8283-6A3F57438CF5}.Release|Any CPU.Build.0 = Release|x64
		{4F150A30-CECB-49D1-8283-6A3F57438CF5}.Release|x64.ActiveCfg = Release|x64
		{4F150A30-CECB-49D1-8283-6A3F57438CF5}.Release|x64.Build.0 = Release|x64
		{4F150A30-CECB-49D1-8283-6A3F57438CF5}.Release|x86.ActiveCfg = Release|Win32
		{4F150A30-CECB-49D1-8283-6A3F57438CF5}.Release|x86.Build.0 = Release|Win32
		{39016B4C-FCF4-4418-BA7D-0762849D8D38}.Debug|Any CPU.ActiveCfg = Debug|x64
		{39016B4C-FCF4-4418-BA7D-0762849D8D38}.Debug|Any CPU.Build.0 = Debug|x64
		{39016B4C-FCF4-4418-BA7D-0762849D8D38}.Debug|x64.ActiveCfg = Debug|x64
		{39016B4C-FCF4-4418-BA7D-0762849D8D38}.Debug|x64.Build.0 = Debug|x64
		{39016B4C-FCF4-4418-BA7D-0762849D8D38}.Debug|x86.ActiveCfg = Debug|Win32
		{39016B4C-FCF4-4418-BA7D-0762849D8D38}.Debug|x86.Build.0 = Debug|Win32
		{39016B4C-FCF4-4418-BA7D-0762849D8D38}.Release|Any CPU.ActiveCfg = Release|x64
		{39016B4C-FCF4-4418-BA7D-0762849D8D38}.Release|Any CPU.Build.0 = Release|x64
		{39016B4C-FCF4-4418-BA7D-0762849D8D38}.Release|x64.ActiveCfg = Release|x64
		{39016B4C-FCF4-4418-BA7D-0762849D8D38}.Release|x64.Build.0 = Release|x64
		{39016B4C-FCF4-4418-BA7D-0762849D8D38}.Release|x86.ActiveCfg = Release|Win32
		{39016B4C-FCF4-4418-BA7D-0762849D8D38}.Release|x86.Build.0 = Release|Win32
		{22193B05-40F2-4E4C-95A7-1BD759119232}.Debug|Any CPU.ActiveCfg = Debug|x64
		{22193B05-40F2-4E4C-95A7-1BD759119232}.Debug|Any CPU.Build.0 = Debug|x64
		{22193B05-40F2-4E4C-95A7-1BD759119232}.Debug|x64.ActiveCfg = Debug|x64
		{22193B05-40F2-4E4C-95A7-1BD759119232}.Debug|x64.Build.0 = Debug|x64
		{22193B05-40F2-4E4C-95A7-1BD759119232}.Debug|x86.ActiveCfg = Debug|Win32
		{22193B05-40F2-4E4C-95A7-1BD759119232}.Debug|x86.Build.0 = Debug|Win32
		{22193B05-40F2-4E4C-95A7-1BD759119232}.Release|Any CPU.ActiveCfg = Release|x64
		{22193B05-40F2-4E4C-95A7-1BD759119232}.Release|Any CPU.Build.0 = Release|x64
		{22193B05-40F2-4E4C-95A7-1BD759119232}.Release|x64.ActiveCfg = Release|x64
		{22193B05-40F2-4E4C-95A7-1BD759119232}.Release|x64.Build.0 = Release|x64
		{22193B05-40F2-4E4C-95A7-1BD759119232}.Release|x86.ActiveCfg = Release|Win32
		{22193B05-40F2-4E4C-95A7-1BD759119232}.Release|x86.Build.0 = Release|Win32
		{E61D8B0A-553D-47FC-A05E-23C9DA668F0C}.Debug|Any CPU.ActiveCfg = Debug|x64
		{E61D8B0A-553D-47FC-A05E-23C9DA668F0C}.Debug|Any CPU.Build.0 = Debug|x64
		{E61D8B0A-553D-47FC-A05E-23C9DA668F0C}.Debug|x64.ActiveCfg = Debug|x64
		{E61D8B0A-553D-47FC-A05E-23C9DA668F0C}.Debug|x64.Build.0 = Debug|x64
		{E61D8B0A-553D-47FC-A05E-23C9DA668F0C}.Debug|x86.ActiveCfg = Debug|Win32
		{E61D8B0A-553D-47FC-A05E-23C9DA668F0C}.Debug|x86.Build.0 = Debug|Win32
		{E61D8B0A-553D-47FC-A05E-23C9DA668F0C}.Release|Any CPU.ActiveCfg = Release|x64
		{E61D8B0A-553D-47FC-A05E-23C9DA668F0C}.Release|Any CPU.Build.0 = Release|x64
		{E61D8B0A-553D-47FC-A05E-23C9DA668F0C}.Release|x64.ActiveCfg = Release|x64
		{E61D8B0A-553D-47FC-A05E-23C9DA668F0C}.Release|x64.Build.0 = Release|x64
		{E61D8B0A-553D-47FC-A05E-23C9DA668F0C}.Release|x86.ActiveCfg = Release|Win32
		{E61D8B0A-553D-47FC-A05E-23C9DA668F0C}.Release|x86.Build.0 = Release|Win32
		{98A89EE4-28EF-4E6C-BD2E-9B2D0EFC8CC8}.Debug|Any CPU.ActiveCfg = Debug|x64
		{98A89EE4-28EF-4E6C-BD2E-9B2D0EFC8CC8}.Debug|Any CPU.Build.0 = Debug|x64
		{98A89EE4-28EF-4E6C-BD2E-9B2D0EFC8CC8}.Debug|x64.ActiveCfg = Debug|x64
		{98A89EE4-28EF-4E6C-BD2E-9B2D0EFC8CC8}.Debug|x64.Build.0 = Debug|x64
		{98A89EE4-28EF-4E6C-BD2E-9B2D0EFC8CC8}.Debug|x86.ActiveCfg = Debug|Win32
		{98A89EE4-28EF-4E6C-BD2E-9B2D0EFC8CC8}.Debug|x86.Build.0 = Debug|Win32
		{98A89EE4-28EF-4E6C-BD2E-9B2D0EFC8CC8}.Release|Any CPU.ActiveCfg = Release|x64
		{98A89EE4-28EF-4E6C-BD2E-9B2D0EFC8CC8}.Release|Any CPU.Build.0 = Release|x64
		{98A89EE4-28EF-4E6C-BD2E-9B2D0EFC8CC8}.Release|x64.ActiveCfg = Release|x64
		{98A89EE4-28EF-4E6C-BD2E-9B2D0EFC8CC8}.Release|x64.Build.0 = Release|x64
		{98A89EE4-28EF-4E6C-BD2E-9B2D0EFC8CC8}.Release|x86.ActiveCfg = Release|Win32
		{98A89EE4-28EF-4E6C-BD2E-9B2D0EFC8CC8}.Release|x86.Build.0 = Release|Win32
		{CDD6C181-06EF-4404-82EF-96B92C86CECC}.Debug|Any CPU.ActiveCfg = Debug|x64
		{CDD6C181-06EF-4404-82EF-96B92C86CECC}.Debug|Any CPU.Build.0 = Debug|x64
		{CDD6C181-06EF-4404-82EF-96B92C86CECC}.Debug|x64.ActiveCfg = Debug|x64
		{CDD6C181-06EF-4404-82EF-96B92C86CECC}.Debug|x64.Build.0 = Debug|x64
		{CDD6C181-06EF-4404-82EF-96B92C86CECC}.Debug|x86.ActiveCfg = Debug|Win32
		{CDD6C181-06EF-4404-82EF-96B92C86CECC}.Debug|x86.Build.0 = Debug|Win32
		{CDD6C181-06EF-4404-82EF-96B92C86CECC}.Release|Any CPU.ActiveCfg = Release|x64
		{CDD6C181-06EF-4404-82EF-96B92C86CECC}.Release|Any CPU.Build.0 = Release|x64
		{CDD6C181-06EF-4404-82EF-96B92C86CECC}.Release|x64.ActiveCfg = Release|x64
		{CDD6C181-06EF-4404-82EF-96B92C86CECC}.Release|x64.Build.0 = Release|x64
		{CDD6C181-06EF-4404-82EF-96B92C86CECC}.Release|x86.ActiveCfg = Release|Win32
		{CDD6C181-06EF-4404-82EF-96B92C86CECC}.Release|x86.Build.0 = Release|Win32
		{04D264F7-654F-4FDD-99F0-738C6AFBF5EB}.Debug|Any CPU.ActiveCfg = Debug|x64
		{04D264F7-654F-4FDD-99F0-738C6AFBF5EB}.Debug|Any CPU.Build.0 = Debug|x64
		{04D264F7-654F-4FDD-99F0-738C6AFBF5EB}.Debug|x64.ActiveCfg = Debug|x64
		{04D264F7-654F-4FDD-99F0-738C6AFBF5EB}.Debug|x64.Build.0 = Debug|x64
		{04D264F7-654F-4FDD-99F0-738C6AFBF5EB}.Debug|x86.ActiveCfg = Debug|Win32
		{04D264F7-654F-4FDD-99F0-738C6AFBF5EB}.Debug|x86.Build.0 = Debug|Win32
		{04D264F7-654F-4FDD-99F0-738C6AFBF5EB}.Release|Any CPU.ActiveCfg = Release|x64
		{04D264F7-654F-4FDD-99F0-738C6AFBF5EB}.Release|Any CPU.Build.0 = Release|x64
		{04D264F7-654F-4FDD-99F0-738C6AFBF5EB}.Release|x64.ActiveCfg = Release|x64
		{04D264F7-654F-4FDD-99F0-738C6AFBF5EB}.Release|x64.Build.0 = Release|x64
		{04D264F7-654F-4FDD-99F0-738C6AFBF5EB}.Release|x86.ActiveCfg = Release|Win32
		{04D264F7-654F-4FDD-99F0-738C6AFBF5EB}.Release|x86.Build.0 = Release|Win32
	EndGlobalSection
	GlobalSection(SolutionProperties) = preSolution
		HideSolutionNode = FALSE
	EndGlobalSection
	GlobalSection(NestedProjects) = preSolution
		{BE961A85-D31C-4938-ACF2-28CE98CB01FF} = {2351B481-1DF6-41A0-AD7D-762AE4FA4C15}
		{F69B45A3-46BE-42C0-AA51-1A0A9BA2943C} = {A1D03AEE-4E9D-45EC-9075-230DD6774190}
		{C445718E-9D81-438C-A3ED-E6E3A294B4FB} = {91F79CDD-DB8C-4A62-AD8B-392FA4080523}
		{F314EFB4-3145-475C-927A-E3E77EE1E2C0} = {A1D03AEE-4E9D-45EC-9075-230DD6774190}
		{92B5B0B5-DBFB-409C-8B99-978B64FA178C} = {91F79CDD-DB8C-4A62-AD8B-392FA4080523}
		{3629F01A-6FED-42EB-B308-E9F7F1346EAF} = {A1D03AEE-4E9D-45EC-9075-230DD6774190}
		{BF570514-119D-4EEA-A959-CDB7F8798872} = {67674674-36F0-43C6-832C-22E0CBA7AA75}
		{65913C08-5898-4085-A72D-CCAF301E6E68} = {91F79CDD-DB8C-4A62-AD8B-392FA4080523}
		{613825EA-9B6E-442F-8EAA-183B29892EA4} = {91F79CDD-DB8C-4A62-AD8B-392FA4080523}
		{E0B52AE7-E160-4D32-BF3F-910B785E5A8E} = {5DAEBFD0-8400-4A5E-B30E-B2962827EF7B}
		{908DD2F6-9D93-4BA8-93C7-0384A3224667} = {91F79CDD-DB8C-4A62-AD8B-392FA4080523}
		{328BC1E5-2948-4AE9-AE3A-53E08A9D01DF} = {A1D03AEE-4E9D-45EC-9075-230DD6774190}
		{52D656A2-A2F4-4C54-A3C7-653427BED1E8} = {5DAEBFD0-8400-4A5E-B30E-B2962827EF7B}
		{E639748C-9DF4-4F26-9595-DEA49F7F4F6E} = {91F79CDD-DB8C-4A62-AD8B-392FA4080523}
		{57ECBD14-8A2C-4157-BB36-0E84B83353FF} = {91F79CDD-DB8C-4A62-AD8B-392FA4080523}
		{EB7B49CF-7FC5-4AF0-80F0-B98BCA9BEEAA} = {006F41F3-01E1-45EF-B7E4-432E17DE2D11}
		{AB8596AF-991C-4B7C-BAD0-8B6457239732} = {006F41F3-01E1-45EF-B7E4-432E17DE2D11}
		{86350F54-05DE-4946-A22D-52F634D0452D} = {921BF273-85CC-429F-A8F4-35C42EDFC019}
		{05AFC6EE-30D4-4257-985F-88C65FF56322} = {006F41F3-01E1-45EF-B7E4-432E17DE2D11}
		{B960608B-2A39-4735-BAF1-3F1C0A692C6B} = {006F41F3-01E1-45EF-B7E4-432E17DE2D11}
		{1B1A8FE1-A3D4-4BA0-A054-D0DE153AF74C} = {006F41F3-01E1-45EF-B7E4-432E17DE2D11}
		{3EA44E50-90AE-40B6-8C79-58DA22ECA4FB} = {006F41F3-01E1-45EF-B7E4-432E17DE2D11}
		{315F2A8F-7D5A-425D-8B52-E6181E930436} = {006F41F3-01E1-45EF-B7E4-432E17DE2D11}
		{1F0FC577-87DB-4C69-86C9-EB02B8717262} = {07483D49-10E3-43B6-8A19-151FE387E9EB}
		{5FEF053C-E5FB-4597-8310-B9DDE301AA2B} = {07483D49-10E3-43B6-8A19-151FE387E9EB}
		{28311213-1047-4A7A-8DC5-D15C9DED7783} = {07483D49-10E3-43B6-8A19-151FE387E9EB}
		{8230DE63-18C1-42D7-93EE-85E389F93B83} = {07483D49-10E3-43B6-8A19-151FE387E9EB}
		{DC531A04-2556-473F-BBD7-B1C3DC35D02A} = {07483D49-10E3-43B6-8A19-151FE387E9EB}
		{516192EB-788A-4FE7-B2B7-2EF9AC036B12} = {5DAEBFD0-8400-4A5E-B30E-B2962827EF7B}
		{AE5CFC76-BCD4-4EA6-B0F7-0B08831FA906} = {A1D03AEE-4E9D-45EC-9075-230DD6774190}
		{A6C29250-BDDE-4E0F-A700-6E41C9EF8A14} = {07483D49-10E3-43B6-8A19-151FE387E9EB}
		{8E1ADC36-43D9-42CA-96FB-8EDADA541E05} = {07483D49-10E3-43B6-8A19-151FE387E9EB}
		{69B5EC26-6130-48F7-ADB8-436FD347D754} = {07483D49-10E3-43B6-8A19-151FE387E9EB}
		{4F150A30-CECB-49D1-8283-6A3F57438CF5} = {5DAEBFD0-8400-4A5E-B30E-B2962827EF7B}
		{39016B4C-FCF4-4418-BA7D-0762849D8D38} = {A1D03AEE-4E9D-45EC-9075-230DD6774190}
		{22193B05-40F2-4E4C-95A7-1BD759119232} = {07483D49-10E3-43B6-8A19-151FE387E9EB}
		{E61D8B0A-553D-47FC-A05E-23C9DA668F0C} = {07483D49-10E3-43B6-8A19-151FE387E9EB}
		{98A89EE4-28EF-4E6C-BD2E-9B2D0EFC8CC8} = {3DC4A2CA-2AF3-4AC3-9F65-7DF4CF1CDEA8}
		{CDD6C181-06EF-4404-82EF-96B92C86CECC} = {3DC4A2CA-2AF3-4AC3-9F65-7DF4CF1CDEA8}
		{231A3337-16AC-4B17-8907-CEFBE3AA9ADB} = {67674674-36F0-43C6-832C-22E0CBA7AA75}
		{04D264F7-654F-4FDD-99F0-738C6AFBF5EB} = {3DC4A2CA-2AF3-4AC3-9F65-7DF4CF1CDEA8}
	EndGlobalSection
	GlobalSection(ExtensibilityGlobals) = postSolution
		SolutionGuid = {727A5A43-6802-4FEA-AD67-5B2F81F93665}
	EndGlobalSection
EndGlobal
