
Microsoft Visual Studio Solution File, Format Version 12.00
# Visual Studio Version 17
VisualStudioVersion = 17.4.33213.308
MinimumVisualStudioVersion = 10.0.40219.1
Project("{2150E333-8FDC-42A3-9474-1A3956D46DE8}") = "Engine", "Engine", "{03012F0A-1587-4332-B676-7561ADA4DA1E}"
EndProject
Project("{2150E333-8FDC-42A3-9474-1A3956D46DE8}") = "Framework", "Framework", "{A1D03AEE-4E9D-45EC-9075-230DD6774190}"
EndProject
Project("{8BC9CEB8-8B4A-11D0-8D11-00A0C91BC942}") = "MEngine", "Engine\MEngine\MEngine.vcxproj", "{F6CFC329-07AA-4342-900F-9DD2E92555AD}"
EndProject
Project("{2150E333-8FDC-42A3-9474-1A3956D46DE8}") = "VSProps", "VSProps", "{2351B481-1DF6-41A0-AD7D-762AE4FA4C15}"
	ProjectSection(SolutionItems) = preProject
		VSProps\EngineLib.props = VSProps\EngineLib.props
		VSProps\FrameworkLib.props = VSProps\FrameworkLib.props
		VSProps\MEngine.props = VSProps\MEngine.props
	EndProjectSection
EndProject
Project("{2150E333-8FDC-42A3-9474-1A3956D46DE8}") = "Common", "Common", "{BE961A85-D31C-4938-ACF2-28CE98CB01FF}"
	ProjectSection(SolutionItems) = preProject
		VSProps\Common\Common.props = VSProps\Common\Common.props
		VSProps\Common\Library.props = VSProps\Common\Library.props
	EndProjectSection
EndProject
Project("{8BC9CEB8-8B4A-11D0-8D11-00A0C91BC942}") = "Core", "Framework\Core\Core.vcxproj", "{F69B45A3-46BE-42C0-AA51-1A0A9BA2943C}"
EndProject
Project("{2150E333-8FDC-42A3-9474-1A3956D46DE8}") = "VGP242", "VGP242", "{91F79CDD-DB8C-4A62-AD8B-392FA4080523}"
EndProject
Project("{8BC9CEB8-8B4A-11D0-8D11-00A0C91BC942}") = "01_HelloWindow", "VGP242\01_HelloWindow\01_HelloWindow.vcxproj", "{C445718E-9D81-438C-A3ED-E6E3A294B4FB}"
EndProject
Project("{8BC9CEB8-8B4A-11D0-8D11-00A0C91BC942}") = "Math", "Framework\Math\Math.vcxproj", "{F314EFB4-3145-475C-927A-E3E77EE1E2C0}"
EndProject
Project("{8BC9CEB8-8B4A-11D0-8D11-00A0C91BC942}") = "HelloShape", "VGP242\HelloShape\HelloShape.vcxproj", "{92B5B0B5-DBFB-409C-8B99-978B64FA178C}"
EndProject
Project("{8BC9CEB8-8B4A-11D0-8D11-00A0C91BC942}") = "Input", "Framework\Input\Input.vcxproj", "{3629F01A-6FED-42EB-B308-E9F7F1346EAF}"
EndProject
Project("{2150E333-8FDC-42A3-9474-1A3956D46DE8}") = "Assets", "Assets", "{67674674-36F0-43C6-832C-22E0CBA7AA75}"
EndProject
Project("{2150E333-8FDC-42A3-9474-1A3956D46DE8}") = "Shaders", "Shaders", "{BF570514-119D-4EEA-A959-CDB7F8798872}"
	ProjectSection(SolutionItems) = preProject
		Assets\Shaders\CellShader.fx = Assets\Shaders\CellShader.fx
		Assets\Shaders\DoSomething.fx = Assets\Shaders\DoSomething.fx
		Assets\Shaders\DoTexturing.fx = Assets\Shaders\DoTexturing.fx
		Assets\Shaders\DoTransform.fx = Assets\Shaders\DoTransform.fx
		Assets\Shaders\Standard.fx = Assets\Shaders\Standard.fx
	EndProjectSection
EndProject
Project("{8BC9CEB8-8B4A-11D0-8D11-00A0C91BC942}") = "HelloImGui", "Project1\Project1.vcxproj", "{65913C08-5898-4085-A72D-CCAF301E6E68}"
EndProject
Project("{8BC9CEB8-8B4A-11D0-8D11-00A0C91BC942}") = "HelloMeshBuilder", "VGP242\HelloMeshBuilder\HelloMeshBuilder.vcxproj", "{613825EA-9B6E-442F-8EAA-183B29892EA4}"
EndProject
Project("{8BC9CEB8-8B4A-11D0-8D11-00A0C91BC942}") = "DirectXTK_Desktop_2019", "External\DirectXTK\DirectXTK_Desktop_2019.vcxproj", "{E0B52AE7-E160-4D32-BF3F-910B785E5A8E}"
EndProject
Project("{8BC9CEB8-8B4A-11D0-8D11-00A0C91BC942}") = "HelloSimpleDraw", "VGP242\HelloSimpleDraw\HelloSimpleDraw.vcxproj", "{908DD2F6-9D93-4BA8-93C7-0384A3224667}"
EndProject
Project("{8BC9CEB8-8B4A-11D0-8D11-00A0C91BC942}") = "Graphics", "Framework\Graphics\Graphics.vcxproj", "{328BC1E5-2948-4AE9-AE3A-53E08A9D01DF}"
EndProject
Project("{2150E333-8FDC-42A3-9474-1A3956D46DE8}") = "External", "External", "{5DAEBFD0-8400-4A5E-B30E-B2962827EF7B}"
EndProject
Project("{8BC9CEB8-8B4A-11D0-8D11-00A0C91BC942}") = "ImGui", "External\ImGui\ImGui.vcxproj", "{52D656A2-A2F4-4C54-A3C7-653427BED1E8}"
EndProject
Project("{8BC9CEB8-8B4A-11D0-8D11-00A0C91BC942}") = "HelloSolarSystem", "VGP242\HelloSolarSystem\HelloSolarSystem.vcxproj", "{E639748C-9DF4-4F26-9595-DEA49F7F4F6E}"
EndProject
Project("{8BC9CEB8-8B4A-11D0-8D11-00A0C91BC942}") = "RenderTargets", "VGP242\RenderTargets\RenderTargets.vcxproj", "{57ECBD14-8A2C-4157-BB36-0E84B83353FF}"
EndProject
Project("{2150E333-8FDC-42A3-9474-1A3956D46DE8}") = "VGP330", "VGP330", "{006F41F3-01E1-45EF-B7E4-432E17DE2D11}"
EndProject
Project("{8BC9CEB8-8B4A-11D0-8D11-00A0C91BC942}") = "Hello_Lighting", "VGP330\Hello_Lighting\Hello_Lighting.vcxproj", "{EB7B49CF-7FC5-4AF0-80F0-B98BCA9BEEAA}"
EndProject
Project("{8BC9CEB8-8B4A-11D0-8D11-00A0C91BC942}") = "Hello_CellShading", "Hello_CellShading\Hello_CellShading.vcxproj", "{D2333CA7-71E4-4F2F-BC86-C445D89016AD}"
EndProject
Global
	GlobalSection(SolutionConfigurationPlatforms) = preSolution
		Debug|Any CPU = Debug|Any CPU
		Debug|x64 = Debug|x64
		Debug|x86 = Debug|x86
		Release|Any CPU = Release|Any CPU
		Release|x64 = Release|x64
		Release|x86 = Release|x86
	EndGlobalSection
	GlobalSection(ProjectConfigurationPlatforms) = postSolution
		{F6CFC329-07AA-4342-900F-9DD2E92555AD}.Debug|Any CPU.ActiveCfg = Debug|x64
		{F6CFC329-07AA-4342-900F-9DD2E92555AD}.Debug|Any CPU.Build.0 = Debug|x64
		{F6CFC329-07AA-4342-900F-9DD2E92555AD}.Debug|x64.ActiveCfg = Debug|x64
		{F6CFC329-07AA-4342-900F-9DD2E92555AD}.Debug|x64.Build.0 = Debug|x64
		{F6CFC329-07AA-4342-900F-9DD2E92555AD}.Debug|x86.ActiveCfg = Debug|Win32
		{F6CFC329-07AA-4342-900F-9DD2E92555AD}.Debug|x86.Build.0 = Debug|Win32
		{F6CFC329-07AA-4342-900F-9DD2E92555AD}.Release|Any CPU.ActiveCfg = Release|x64
		{F6CFC329-07AA-4342-900F-9DD2E92555AD}.Release|Any CPU.Build.0 = Release|x64
		{F6CFC329-07AA-4342-900F-9DD2E92555AD}.Release|x64.ActiveCfg = Release|x64
		{F6CFC329-07AA-4342-900F-9DD2E92555AD}.Release|x64.Build.0 = Release|x64
		{F6CFC329-07AA-4342-900F-9DD2E92555AD}.Release|x86.ActiveCfg = Release|Win32
		{F6CFC329-07AA-4342-900F-9DD2E92555AD}.Release|x86.Build.0 = Release|Win32
		{F69B45A3-46BE-42C0-AA51-1A0A9BA2943C}.Debug|Any CPU.ActiveCfg = Debug|x64
		{F69B45A3-46BE-42C0-AA51-1A0A9BA2943C}.Debug|Any CPU.Build.0 = Debug|x64
		{F69B45A3-46BE-42C0-AA51-1A0A9BA2943C}.Debug|x64.ActiveCfg = Debug|x64
		{F69B45A3-46BE-42C0-AA51-1A0A9BA2943C}.Debug|x64.Build.0 = Debug|x64
		{F69B45A3-46BE-42C0-AA51-1A0A9BA2943C}.Debug|x86.ActiveCfg = Debug|Win32
		{F69B45A3-46BE-42C0-AA51-1A0A9BA2943C}.Debug|x86.Build.0 = Debug|Win32
		{F69B45A3-46BE-42C0-AA51-1A0A9BA2943C}.Release|Any CPU.ActiveCfg = Release|x64
		{F69B45A3-46BE-42C0-AA51-1A0A9BA2943C}.Release|Any CPU.Build.0 = Release|x64
		{F69B45A3-46BE-42C0-AA51-1A0A9BA2943C}.Release|x64.ActiveCfg = Release|x64
		{F69B45A3-46BE-42C0-AA51-1A0A9BA2943C}.Release|x64.Build.0 = Release|x64
		{F69B45A3-46BE-42C0-AA51-1A0A9BA2943C}.Release|x86.ActiveCfg = Release|Win32
		{F69B45A3-46BE-42C0-AA51-1A0A9BA2943C}.Release|x86.Build.0 = Release|Win32
		{C445718E-9D81-438C-A3ED-E6E3A294B4FB}.Debug|Any CPU.ActiveCfg = Debug|x64
		{C445718E-9D81-438C-A3ED-E6E3A294B4FB}.Debug|Any CPU.Build.0 = Debug|x64
		{C445718E-9D81-438C-A3ED-E6E3A294B4FB}.Debug|x64.ActiveCfg = Debug|x64
		{C445718E-9D81-438C-A3ED-E6E3A294B4FB}.Debug|x64.Build.0 = Debug|x64
		{C445718E-9D81-438C-A3ED-E6E3A294B4FB}.Debug|x86.ActiveCfg = Debug|Win32
		{C445718E-9D81-438C-A3ED-E6E3A294B4FB}.Debug|x86.Build.0 = Debug|Win32
		{C445718E-9D81-438C-A3ED-E6E3A294B4FB}.Release|Any CPU.ActiveCfg = Release|x64
		{C445718E-9D81-438C-A3ED-E6E3A294B4FB}.Release|Any CPU.Build.0 = Release|x64
		{C445718E-9D81-438C-A3ED-E6E3A294B4FB}.Release|x64.ActiveCfg = Release|x64
		{C445718E-9D81-438C-A3ED-E6E3A294B4FB}.Release|x64.Build.0 = Release|x64
		{C445718E-9D81-438C-A3ED-E6E3A294B4FB}.Release|x86.ActiveCfg = Release|Win32
		{C445718E-9D81-438C-A3ED-E6E3A294B4FB}.Release|x86.Build.0 = Release|Win32
		{F314EFB4-3145-475C-927A-E3E77EE1E2C0}.Debug|Any CPU.ActiveCfg = Debug|x64
		{F314EFB4-3145-475C-927A-E3E77EE1E2C0}.Debug|Any CPU.Build.0 = Debug|x64
		{F314EFB4-3145-475C-927A-E3E77EE1E2C0}.Debug|x64.ActiveCfg = Debug|x64
		{F314EFB4-3145-475C-927A-E3E77EE1E2C0}.Debug|x64.Build.0 = Debug|x64
		{F314EFB4-3145-475C-927A-E3E77EE1E2C0}.Debug|x86.ActiveCfg = Debug|Win32
		{F314EFB4-3145-475C-927A-E3E77EE1E2C0}.Debug|x86.Build.0 = Debug|Win32
		{F314EFB4-3145-475C-927A-E3E77EE1E2C0}.Release|Any CPU.ActiveCfg = Release|x64
		{F314EFB4-3145-475C-927A-E3E77EE1E2C0}.Release|Any CPU.Build.0 = Release|x64
		{F314EFB4-3145-475C-927A-E3E77EE1E2C0}.Release|x64.ActiveCfg = Release|x64
		{F314EFB4-3145-475C-927A-E3E77EE1E2C0}.Release|x64.Build.0 = Release|x64
		{F314EFB4-3145-475C-927A-E3E77EE1E2C0}.Release|x86.ActiveCfg = Release|Win32
		{F314EFB4-3145-475C-927A-E3E77EE1E2C0}.Release|x86.Build.0 = Release|Win32
		{92B5B0B5-DBFB-409C-8B99-978B64FA178C}.Debug|Any CPU.ActiveCfg = Debug|x64
		{92B5B0B5-DBFB-409C-8B99-978B64FA178C}.Debug|Any CPU.Build.0 = Debug|x64
		{92B5B0B5-DBFB-409C-8B99-978B64FA178C}.Debug|x64.ActiveCfg = Debug|x64
		{92B5B0B5-DBFB-409C-8B99-978B64FA178C}.Debug|x64.Build.0 = Debug|x64
		{92B5B0B5-DBFB-409C-8B99-978B64FA178C}.Debug|x86.ActiveCfg = Debug|Win32
		{92B5B0B5-DBFB-409C-8B99-978B64FA178C}.Debug|x86.Build.0 = Debug|Win32
		{92B5B0B5-DBFB-409C-8B99-978B64FA178C}.Release|Any CPU.ActiveCfg = Release|x64
		{92B5B0B5-DBFB-409C-8B99-978B64FA178C}.Release|Any CPU.Build.0 = Release|x64
		{92B5B0B5-DBFB-409C-8B99-978B64FA178C}.Release|x64.ActiveCfg = Release|x64
		{92B5B0B5-DBFB-409C-8B99-978B64FA178C}.Release|x64.Build.0 = Release|x64
		{92B5B0B5-DBFB-409C-8B99-978B64FA178C}.Release|x86.ActiveCfg = Release|Win32
		{92B5B0B5-DBFB-409C-8B99-978B64FA178C}.Release|x86.Build.0 = Release|Win32
		{3629F01A-6FED-42EB-B308-E9F7F1346EAF}.Debug|Any CPU.ActiveCfg = Debug|x64
		{3629F01A-6FED-42EB-B308-E9F7F1346EAF}.Debug|Any CPU.Build.0 = Debug|x64
		{3629F01A-6FED-42EB-B308-E9F7F1346EAF}.Debug|x64.ActiveCfg = Debug|x64
		{3629F01A-6FED-42EB-B308-E9F7F1346EAF}.Debug|x64.Build.0 = Debug|x64
		{3629F01A-6FED-42EB-B308-E9F7F1346EAF}.Debug|x86.ActiveCfg = Debug|Win32
		{3629F01A-6FED-42EB-B308-E9F7F1346EAF}.Debug|x86.Build.0 = Debug|Win32
		{3629F01A-6FED-42EB-B308-E9F7F1346EAF}.Release|Any CPU.ActiveCfg = Release|x64
		{3629F01A-6FED-42EB-B308-E9F7F1346EAF}.Release|Any CPU.Build.0 = Release|x64
		{3629F01A-6FED-42EB-B308-E9F7F1346EAF}.Release|x64.ActiveCfg = Release|x64
		{3629F01A-6FED-42EB-B308-E9F7F1346EAF}.Release|x64.Build.0 = Release|x64
		{3629F01A-6FED-42EB-B308-E9F7F1346EAF}.Release|x86.ActiveCfg = Release|Win32
		{3629F01A-6FED-42EB-B308-E9F7F1346EAF}.Release|x86.Build.0 = Release|Win32
		{65913C08-5898-4085-A72D-CCAF301E6E68}.Debug|Any CPU.ActiveCfg = Debug|x64
		{65913C08-5898-4085-A72D-CCAF301E6E68}.Debug|Any CPU.Build.0 = Debug|x64
		{65913C08-5898-4085-A72D-CCAF301E6E68}.Debug|x64.ActiveCfg = Debug|x64
		{65913C08-5898-4085-A72D-CCAF301E6E68}.Debug|x64.Build.0 = Debug|x64
		{65913C08-5898-4085-A72D-CCAF301E6E68}.Debug|x86.ActiveCfg = Debug|Win32
		{65913C08-5898-4085-A72D-CCAF301E6E68}.Debug|x86.Build.0 = Debug|Win32
		{65913C08-5898-4085-A72D-CCAF301E6E68}.Release|Any CPU.ActiveCfg = Release|x64
		{65913C08-5898-4085-A72D-CCAF301E6E68}.Release|Any CPU.Build.0 = Release|x64
		{65913C08-5898-4085-A72D-CCAF301E6E68}.Release|x64.ActiveCfg = Release|x64
		{65913C08-5898-4085-A72D-CCAF301E6E68}.Release|x64.Build.0 = Release|x64
		{65913C08-5898-4085-A72D-CCAF301E6E68}.Release|x86.ActiveCfg = Release|Win32
		{65913C08-5898-4085-A72D-CCAF301E6E68}.Release|x86.Build.0 = Release|Win32
		{613825EA-9B6E-442F-8EAA-183B29892EA4}.Debug|Any CPU.ActiveCfg = Debug|x64
		{613825EA-9B6E-442F-8EAA-183B29892EA4}.Debug|Any CPU.Build.0 = Debug|x64
		{613825EA-9B6E-442F-8EAA-183B29892EA4}.Debug|x64.ActiveCfg = Debug|x64
		{613825EA-9B6E-442F-8EAA-183B29892EA4}.Debug|x64.Build.0 = Debug|x64
		{613825EA-9B6E-442F-8EAA-183B29892EA4}.Debug|x86.ActiveCfg = Debug|Win32
		{613825EA-9B6E-442F-8EAA-183B29892EA4}.Debug|x86.Build.0 = Debug|Win32
		{613825EA-9B6E-442F-8EAA-183B29892EA4}.Release|Any CPU.ActiveCfg = Release|x64
		{613825EA-9B6E-442F-8EAA-183B29892EA4}.Release|Any CPU.Build.0 = Release|x64
		{613825EA-9B6E-442F-8EAA-183B29892EA4}.Release|x64.ActiveCfg = Release|x64
		{613825EA-9B6E-442F-8EAA-183B29892EA4}.Release|x64.Build.0 = Release|x64
		{613825EA-9B6E-442F-8EAA-183B29892EA4}.Release|x86.ActiveCfg = Release|Win32
		{613825EA-9B6E-442F-8EAA-183B29892EA4}.Release|x86.Build.0 = Release|Win32
		{E0B52AE7-E160-4D32-BF3F-910B785E5A8E}.Debug|Any CPU.ActiveCfg = Debug|x64
		{E0B52AE7-E160-4D32-BF3F-910B785E5A8E}.Debug|Any CPU.Build.0 = Debug|x64
		{E0B52AE7-E160-4D32-BF3F-910B785E5A8E}.Debug|x64.ActiveCfg = Debug|x64
		{E0B52AE7-E160-4D32-BF3F-910B785E5A8E}.Debug|x64.Build.0 = Debug|x64
		{E0B52AE7-E160-4D32-BF3F-910B785E5A8E}.Debug|x86.ActiveCfg = Debug|Win32
		{E0B52AE7-E160-4D32-BF3F-910B785E5A8E}.Debug|x86.Build.0 = Debug|Win32
		{E0B52AE7-E160-4D32-BF3F-910B785E5A8E}.Release|Any CPU.ActiveCfg = Release|x64
		{E0B52AE7-E160-4D32-BF3F-910B785E5A8E}.Release|Any CPU.Build.0 = Release|x64
		{E0B52AE7-E160-4D32-BF3F-910B785E5A8E}.Release|x64.ActiveCfg = Release|x64
		{E0B52AE7-E160-4D32-BF3F-910B785E5A8E}.Release|x64.Build.0 = Release|x64
		{E0B52AE7-E160-4D32-BF3F-910B785E5A8E}.Release|x86.ActiveCfg = Release|Win32
		{E0B52AE7-E160-4D32-BF3F-910B785E5A8E}.Release|x86.Build.0 = Release|Win32
		{908DD2F6-9D93-4BA8-93C7-0384A3224667}.Debug|Any CPU.ActiveCfg = Debug|x64
		{908DD2F6-9D93-4BA8-93C7-0384A3224667}.Debug|Any CPU.Build.0 = Debug|x64
		{908DD2F6-9D93-4BA8-93C7-0384A3224667}.Debug|x64.ActiveCfg = Debug|x64
		{908DD2F6-9D93-4BA8-93C7-0384A3224667}.Debug|x64.Build.0 = Debug|x64
		{908DD2F6-9D93-4BA8-93C7-0384A3224667}.Debug|x86.ActiveCfg = Debug|Win32
		{908DD2F6-9D93-4BA8-93C7-0384A3224667}.Debug|x86.Build.0 = Debug|Win32
		{908DD2F6-9D93-4BA8-93C7-0384A3224667}.Release|Any CPU.ActiveCfg = Release|x64
		{908DD2F6-9D93-4BA8-93C7-0384A3224667}.Release|Any CPU.Build.0 = Release|x64
		{908DD2F6-9D93-4BA8-93C7-0384A3224667}.Release|x64.ActiveCfg = Release|x64
		{908DD2F6-9D93-4BA8-93C7-0384A3224667}.Release|x64.Build.0 = Release|x64
		{908DD2F6-9D93-4BA8-93C7-0384A3224667}.Release|x86.ActiveCfg = Release|Win32
		{908DD2F6-9D93-4BA8-93C7-0384A3224667}.Release|x86.Build.0 = Release|Win32
		{328BC1E5-2948-4AE9-AE3A-53E08A9D01DF}.Debug|Any CPU.ActiveCfg = Debug|x64
		{328BC1E5-2948-4AE9-AE3A-53E08A9D01DF}.Debug|Any CPU.Build.0 = Debug|x64
		{328BC1E5-2948-4AE9-AE3A-53E08A9D01DF}.Debug|x64.ActiveCfg = Debug|x64
		{328BC1E5-2948-4AE9-AE3A-53E08A9D01DF}.Debug|x64.Build.0 = Debug|x64
		{328BC1E5-2948-4AE9-AE3A-53E08A9D01DF}.Debug|x86.ActiveCfg = Debug|Win32
		{328BC1E5-2948-4AE9-AE3A-53E08A9D01DF}.Debug|x86.Build.0 = Debug|Win32
		{328BC1E5-2948-4AE9-AE3A-53E08A9D01DF}.Release|Any CPU.ActiveCfg = Release|x64
		{328BC1E5-2948-4AE9-AE3A-53E08A9D01DF}.Release|Any CPU.Build.0 = Release|x64
		{328BC1E5-2948-4AE9-AE3A-53E08A9D01DF}.Release|x64.ActiveCfg = Release|x64
		{328BC1E5-2948-4AE9-AE3A-53E08A9D01DF}.Release|x64.Build.0 = Release|x64
		{328BC1E5-2948-4AE9-AE3A-53E08A9D01DF}.Release|x86.ActiveCfg = Release|Win32
		{328BC1E5-2948-4AE9-AE3A-53E08A9D01DF}.Release|x86.Build.0 = Release|Win32
		{52D656A2-A2F4-4C54-A3C7-653427BED1E8}.Debug|Any CPU.ActiveCfg = Debug|x64
		{52D656A2-A2F4-4C54-A3C7-653427BED1E8}.Debug|Any CPU.Build.0 = Debug|x64
		{52D656A2-A2F4-4C54-A3C7-653427BED1E8}.Debug|x64.ActiveCfg = Debug|x64
		{52D656A2-A2F4-4C54-A3C7-653427BED1E8}.Debug|x64.Build.0 = Debug|x64
		{52D656A2-A2F4-4C54-A3C7-653427BED1E8}.Debug|x86.ActiveCfg = Debug|Win32
		{52D656A2-A2F4-4C54-A3C7-653427BED1E8}.Debug|x86.Build.0 = Debug|Win32
		{52D656A2-A2F4-4C54-A3C7-653427BED1E8}.Release|Any CPU.ActiveCfg = Release|x64
		{52D656A2-A2F4-4C54-A3C7-653427BED1E8}.Release|Any CPU.Build.0 = Release|x64
		{52D656A2-A2F4-4C54-A3C7-653427BED1E8}.Release|x64.ActiveCfg = Release|x64
		{52D656A2-A2F4-4C54-A3C7-653427BED1E8}.Release|x64.Build.0 = Release|x64
		{52D656A2-A2F4-4C54-A3C7-653427BED1E8}.Release|x86.ActiveCfg = Release|Win32
		{52D656A2-A2F4-4C54-A3C7-653427BED1E8}.Release|x86.Build.0 = Release|Win32
		{E639748C-9DF4-4F26-9595-DEA49F7F4F6E}.Debug|Any CPU.ActiveCfg = Debug|x64
		{E639748C-9DF4-4F26-9595-DEA49F7F4F6E}.Debug|Any CPU.Build.0 = Debug|x64
		{E639748C-9DF4-4F26-9595-DEA49F7F4F6E}.Debug|x64.ActiveCfg = Debug|x64
		{E639748C-9DF4-4F26-9595-DEA49F7F4F6E}.Debug|x64.Build.0 = Debug|x64
		{E639748C-9DF4-4F26-9595-DEA49F7F4F6E}.Debug|x86.ActiveCfg = Debug|Win32
		{E639748C-9DF4-4F26-9595-DEA49F7F4F6E}.Debug|x86.Build.0 = Debug|Win32
		{E639748C-9DF4-4F26-9595-DEA49F7F4F6E}.Release|Any CPU.ActiveCfg = Release|x64
		{E639748C-9DF4-4F26-9595-DEA49F7F4F6E}.Release|Any CPU.Build.0 = Release|x64
		{E639748C-9DF4-4F26-9595-DEA49F7F4F6E}.Release|x64.ActiveCfg = Release|x64
		{E639748C-9DF4-4F26-9595-DEA49F7F4F6E}.Release|x64.Build.0 = Release|x64
		{E639748C-9DF4-4F26-9595-DEA49F7F4F6E}.Release|x86.ActiveCfg = Release|Win32
		{E639748C-9DF4-4F26-9595-DEA49F7F4F6E}.Release|x86.Build.0 = Release|Win32
		{57ECBD14-8A2C-4157-BB36-0E84B83353FF}.Debug|Any CPU.ActiveCfg = Debug|x64
		{57ECBD14-8A2C-4157-BB36-0E84B83353FF}.Debug|Any CPU.Build.0 = Debug|x64
		{57ECBD14-8A2C-4157-BB36-0E84B83353FF}.Debug|x64.ActiveCfg = Debug|x64
		{57ECBD14-8A2C-4157-BB36-0E84B83353FF}.Debug|x64.Build.0 = Debug|x64
		{57ECBD14-8A2C-4157-BB36-0E84B83353FF}.Debug|x86.ActiveCfg = Debug|Win32
		{57ECBD14-8A2C-4157-BB36-0E84B83353FF}.Debug|x86.Build.0 = Debug|Win32
		{57ECBD14-8A2C-4157-BB36-0E84B83353FF}.Release|Any CPU.ActiveCfg = Release|x64
		{57ECBD14-8A2C-4157-BB36-0E84B83353FF}.Release|Any CPU.Build.0 = Release|x64
		{57ECBD14-8A2C-4157-BB36-0E84B83353FF}.Release|x64.ActiveCfg = Release|x64
		{57ECBD14-8A2C-4157-BB36-0E84B83353FF}.Release|x64.Build.0 = Release|x64
		{57ECBD14-8A2C-4157-BB36-0E84B83353FF}.Release|x86.ActiveCfg = Release|Win32
		{57ECBD14-8A2C-4157-BB36-0E84B83353FF}.Release|x86.Build.0 = Release|Win32
		{EB7B49CF-7FC5-4AF0-80F0-B98BCA9BEEAA}.Debug|Any CPU.ActiveCfg = Debug|x64
		{EB7B49CF-7FC5-4AF0-80F0-B98BCA9BEEAA}.Debug|Any CPU.Build.0 = Debug|x64
		{EB7B49CF-7FC5-4AF0-80F0-B98BCA9BEEAA}.Debug|x64.ActiveCfg = Debug|x64
		{EB7B49CF-7FC5-4AF0-80F0-B98BCA9BEEAA}.Debug|x64.Build.0 = Debug|x64
		{EB7B49CF-7FC5-4AF0-80F0-B98BCA9BEEAA}.Debug|x86.ActiveCfg = Debug|Win32
		{EB7B49CF-7FC5-4AF0-80F0-B98BCA9BEEAA}.Debug|x86.Build.0 = Debug|Win32
		{EB7B49CF-7FC5-4AF0-80F0-B98BCA9BEEAA}.Release|Any CPU.ActiveCfg = Release|x64
		{EB7B49CF-7FC5-4AF0-80F0-B98BCA9BEEAA}.Release|Any CPU.Build.0 = Release|x64
		{EB7B49CF-7FC5-4AF0-80F0-B98BCA9BEEAA}.Release|x64.ActiveCfg = Release|x64
		{EB7B49CF-7FC5-4AF0-80F0-B98BCA9BEEAA}.Release|x64.Build.0 = Release|x64
		{EB7B49CF-7FC5-4AF0-80F0-B98BCA9BEEAA}.Release|x86.ActiveCfg = Release|Win32
		{EB7B49CF-7FC5-4AF0-80F0-B98BCA9BEEAA}.Release|x86.Build.0 = Release|Win32
		{D2333CA7-71E4-4F2F-BC86-C445D89016AD}.Debug|Any CPU.ActiveCfg = Debug|x64
		{D2333CA7-71E4-4F2F-BC86-C445D89016AD}.Debug|Any CPU.Build.0 = Debug|x64
		{D2333CA7-71E4-4F2F-BC86-C445D89016AD}.Debug|x64.ActiveCfg = Debug|x64
		{D2333CA7-71E4-4F2F-BC86-C445D89016AD}.Debug|x64.Build.0 = Debug|x64
		{D2333CA7-71E4-4F2F-BC86-C445D89016AD}.Debug|x86.ActiveCfg = Debug|Win32
		{D2333CA7-71E4-4F2F-BC86-C445D89016AD}.Debug|x86.Build.0 = Debug|Win32
		{D2333CA7-71E4-4F2F-BC86-C445D89016AD}.Release|Any CPU.ActiveCfg = Release|x64
		{D2333CA7-71E4-4F2F-BC86-C445D89016AD}.Release|Any CPU.Build.0 = Release|x64
		{D2333CA7-71E4-4F2F-BC86-C445D89016AD}.Release|x64.ActiveCfg = Release|x64
		{D2333CA7-71E4-4F2F-BC86-C445D89016AD}.Release|x64.Build.0 = Release|x64
		{D2333CA7-71E4-4F2F-BC86-C445D89016AD}.Release|x86.ActiveCfg = Release|Win32
		{D2333CA7-71E4-4F2F-BC86-C445D89016AD}.Release|x86.Build.0 = Release|Win32
	EndGlobalSection
	GlobalSection(SolutionProperties) = preSolution
		HideSolutionNode = FALSE
	EndGlobalSection
	GlobalSection(NestedProjects) = preSolution
		{BE961A85-D31C-4938-ACF2-28CE98CB01FF} = {2351B481-1DF6-41A0-AD7D-762AE4FA4C15}
		{F69B45A3-46BE-42C0-AA51-1A0A9BA2943C} = {A1D03AEE-4E9D-45EC-9075-230DD6774190}
		{C445718E-9D81-438C-A3ED-E6E3A294B4FB} = {91F79CDD-DB8C-4A62-AD8B-392FA4080523}
		{F314EFB4-3145-475C-927A-E3E77EE1E2C0} = {A1D03AEE-4E9D-45EC-9075-230DD6774190}
		{92B5B0B5-DBFB-409C-8B99-978B64FA178C} = {91F79CDD-DB8C-4A62-AD8B-392FA4080523}
		{3629F01A-6FED-42EB-B308-E9F7F1346EAF} = {A1D03AEE-4E9D-45EC-9075-230DD6774190}
		{BF570514-119D-4EEA-A959-CDB7F8798872} = {67674674-36F0-43C6-832C-22E0CBA7AA75}
		{65913C08-5898-4085-A72D-CCAF301E6E68} = {91F79CDD-DB8C-4A62-AD8B-392FA4080523}
		{613825EA-9B6E-442F-8EAA-183B29892EA4} = {91F79CDD-DB8C-4A62-AD8B-392FA4080523}
		{E0B52AE7-E160-4D32-BF3F-910B785E5A8E} = {5DAEBFD0-8400-4A5E-B30E-B2962827EF7B}
		{908DD2F6-9D93-4BA8-93C7-0384A3224667} = {91F79CDD-DB8C-4A62-AD8B-392FA4080523}
		{328BC1E5-2948-4AE9-AE3A-53E08A9D01DF} = {A1D03AEE-4E9D-45EC-9075-230DD6774190}
		{52D656A2-A2F4-4C54-A3C7-653427BED1E8} = {5DAEBFD0-8400-4A5E-B30E-B2962827EF7B}
		{E639748C-9DF4-4F26-9595-DEA49F7F4F6E} = {91F79CDD-DB8C-4A62-AD8B-392FA4080523}
		{57ECBD14-8A2C-4157-BB36-0E84B83353FF} = {91F79CDD-DB8C-4A62-AD8B-392FA4080523}
		{EB7B49CF-7FC5-4AF0-80F0-B98BCA9BEEAA} = {006F41F3-01E1-45EF-B7E4-432E17DE2D11}
		{D2333CA7-71E4-4F2F-BC86-C445D89016AD} = {006F41F3-01E1-45EF-B7E4-432E17DE2D11}
	EndGlobalSection
	GlobalSection(ExtensibilityGlobals) = postSolution
		SolutionGuid = {727A5A43-6802-4FEA-AD67-5B2F81F93665}
	EndGlobalSection
EndGlobal
